// !$*UTF8*$!
{
	archiveVersion = 1;
	classes = {
	};
	objectVersion = 56;
	objects = {

/* Begin PBXBuildFile section */
		FA009E862A4671C100779067 /* FeedCacheTestHelpers.swift in Sources */ = {isa = PBXBuildFile; fileRef = FA009E852A4671C100779067 /* FeedCacheTestHelpers.swift */; };
		FA009E882A4672B800779067 /* SharedTestHelpers.swift in Sources */ = {isa = PBXBuildFile; fileRef = FA009E872A4672B800779067 /* SharedTestHelpers.swift */; };
		FA009E8B2A47747B00779067 /* FeedCachePolicy.swift in Sources */ = {isa = PBXBuildFile; fileRef = FA009E8A2A47747B00779067 /* FeedCachePolicy.swift */; };
		FA009E8E2A47880700779067 /* CodableFeedStoreTests.swift in Sources */ = {isa = PBXBuildFile; fileRef = FA009E8D2A47880700779067 /* CodableFeedStoreTests.swift */; };
		FA0386AF2A439062005F2059 /* CacheFeedUseCaseTests.swift in Sources */ = {isa = PBXBuildFile; fileRef = FA0386AE2A439062005F2059 /* CacheFeedUseCaseTests.swift */; };
		FA0D1CFE2A4D33D900BA78BD /* FeedViewController.swift in Sources */ = {isa = PBXBuildFile; fileRef = FA0D1CFD2A4D33D900BA78BD /* FeedViewController.swift */; };
		FA0D1D002A4DE49C00BA78BD /* FeedImageCell.swift in Sources */ = {isa = PBXBuildFile; fileRef = FA0D1CFF2A4DE49C00BA78BD /* FeedImageCell.swift */; };
		FA0D1D022A4E0C3500BA78BD /* UIView+Shimmering.swift in Sources */ = {isa = PBXBuildFile; fileRef = FA0D1D012A4E0C3500BA78BD /* UIView+Shimmering.swift */; };
		FA1AD80B2A43EE8F00B8AB35 /* LocalFeedLoader.swift in Sources */ = {isa = PBXBuildFile; fileRef = FA1AD80A2A43EE8F00B8AB35 /* LocalFeedLoader.swift */; };
		FA1AD80E2A43EF1D00B8AB35 /* FeedStore.swift in Sources */ = {isa = PBXBuildFile; fileRef = FA1AD80D2A43EF1D00B8AB35 /* FeedStore.swift */; };
		FA1AD8112A44D95700B8AB35 /* RemoteFeedItem.swift in Sources */ = {isa = PBXBuildFile; fileRef = FA1AD8102A44D95700B8AB35 /* RemoteFeedItem.swift */; };
		FA1AD8142A44D9B000B8AB35 /* LocalFeedImage.swift in Sources */ = {isa = PBXBuildFile; fileRef = FA1AD8132A44D9B000B8AB35 /* LocalFeedImage.swift */; };
		FA1BA3962A466D630017CB0D /* ValidateFeedCacheUseCaseTests.swift in Sources */ = {isa = PBXBuildFile; fileRef = FA1BA3952A466D630017CB0D /* ValidateFeedCacheUseCaseTests.swift */; };
		FA2235DC2A2A80E900A5A9D8 /* XCTestCase+MemoryLeakTracking.swift in Sources */ = {isa = PBXBuildFile; fileRef = FA2235DB2A2A80E900A5A9D8 /* XCTestCase+MemoryLeakTracking.swift */; };
		FA2235DE2A2A932E00A5A9D8 /* URLSessionHTTPClient.swift in Sources */ = {isa = PBXBuildFile; fileRef = FA2235DD2A2A932E00A5A9D8 /* URLSessionHTTPClient.swift */; };
		FA2D2CE92A4F3E9B00FA4E38 /* FeedImageDataLoader.swift in Sources */ = {isa = PBXBuildFile; fileRef = FA2D2CE82A4F3E9B00FA4E38 /* FeedImageDataLoader.swift */; };
		FA2D2CED2A4F52D300FA4E38 /* FeedImageCellController.swift in Sources */ = {isa = PBXBuildFile; fileRef = FA2D2CEC2A4F52D300FA4E38 /* FeedImageCellController.swift */; };
		FA2D2CF02A4F57D100FA4E38 /* FeedUIComposer.swift in Sources */ = {isa = PBXBuildFile; fileRef = FA2D2CEF2A4F57D100FA4E38 /* FeedUIComposer.swift */; };
		FA2D2CF82A4F75A900FA4E38 /* UIImage+TestHelpers.swift in Sources */ = {isa = PBXBuildFile; fileRef = FA2D2CF72A4F75A900FA4E38 /* UIImage+TestHelpers.swift */; };
		FA2D2CFA2A4F75E900FA4E38 /* UIRefreshControl+TestHelpers.swift in Sources */ = {isa = PBXBuildFile; fileRef = FA2D2CF92A4F75E900FA4E38 /* UIRefreshControl+TestHelpers.swift */; };
		FA2D2CFC2A4F762E00FA4E38 /* UIButton+TestHelpers.swift in Sources */ = {isa = PBXBuildFile; fileRef = FA2D2CFB2A4F762E00FA4E38 /* UIButton+TestHelpers.swift */; };
		FA2D2CFE2A4F766100FA4E38 /* UIControl+TestHelpers.swift in Sources */ = {isa = PBXBuildFile; fileRef = FA2D2CFD2A4F766100FA4E38 /* UIControl+TestHelpers.swift */; };
		FA2D2D002A4F773600FA4E38 /* FeedViewController+TestHelpers.swift in Sources */ = {isa = PBXBuildFile; fileRef = FA2D2CFF2A4F773600FA4E38 /* FeedViewController+TestHelpers.swift */; };
		FA2D2D022A4F77A500FA4E38 /* FeedImageCell+TestHelpers.swift in Sources */ = {isa = PBXBuildFile; fileRef = FA2D2D012A4F77A500FA4E38 /* FeedImageCell+TestHelpers.swift */; };
		FA2D2D042A4F780F00FA4E38 /* FeedViewControllerTests+LoaderSpy.swift in Sources */ = {isa = PBXBuildFile; fileRef = FA2D2D032A4F780F00FA4E38 /* FeedViewControllerTests+LoaderSpy.swift */; };
		FA2D2D062A4F788E00FA4E38 /* FeedViewControllerTests+Assertions.swift in Sources */ = {isa = PBXBuildFile; fileRef = FA2D2D052A4F788E00FA4E38 /* FeedViewControllerTests+Assertions.swift */; };
		FA349C322A5350C300E1D092 /* UIRefreshControl+Helpers.swift in Sources */ = {isa = PBXBuildFile; fileRef = FA349C312A5350C300E1D092 /* UIRefreshControl+Helpers.swift */; };
		FA349C352A5360F300E1D092 /* FeedPresenterTests.swift in Sources */ = {isa = PBXBuildFile; fileRef = FA349C342A5360F300E1D092 /* FeedPresenterTests.swift */; };
		FA3C4BBF2A536E5B0091C771 /* FeedPresenter.swift in Sources */ = {isa = PBXBuildFile; fileRef = FA3C4BBE2A536E5B0091C771 /* FeedPresenter.swift */; };
		FA3C4BC02A5370080091C771 /* Feed.strings in Resources */ = {isa = PBXBuildFile; fileRef = FA3C4BBA2A536D4E0091C771 /* Feed.strings */; };
		FA3C4BC22A5370520091C771 /* FeedViewModel.swift in Sources */ = {isa = PBXBuildFile; fileRef = FA3C4BC12A5370520091C771 /* FeedViewModel.swift */; };
		FA3C4BC42A5370670091C771 /* FeedLoadingViewModel.swift in Sources */ = {isa = PBXBuildFile; fileRef = FA3C4BC32A5370670091C771 /* FeedLoadingViewModel.swift */; };
		FA3C4BC62A5370870091C771 /* FeedErrorViewModel.swift in Sources */ = {isa = PBXBuildFile; fileRef = FA3C4BC52A5370870091C771 /* FeedErrorViewModel.swift */; };
		FA3C4BC72A53726B0091C771 /* FeedLocalizationTests.swift in Sources */ = {isa = PBXBuildFile; fileRef = FA6C55322A53321E00788C63 /* FeedLocalizationTests.swift */; };
		FA3C4BC92A53763B0091C771 /* FeedImagePresenterTests.swift in Sources */ = {isa = PBXBuildFile; fileRef = FA3C4BC82A53763B0091C771 /* FeedImagePresenterTests.swift */; };
		FA425FE22A450463004E293A /* LoadFeedFromCacheUseCaseTests.swift in Sources */ = {isa = PBXBuildFile; fileRef = FA425FE12A450463004E293A /* LoadFeedFromCacheUseCaseTests.swift */; };
		FA425FE52A450667004E293A /* FeedStoreSpy.swift in Sources */ = {isa = PBXBuildFile; fileRef = FA425FE42A450667004E293A /* FeedStoreSpy.swift */; };
		FA51C0D82A3A4885002EC274 /* FeedAPIEndToEndTests.swift in Sources */ = {isa = PBXBuildFile; fileRef = FA51C0D72A3A4885002EC274 /* FeedAPIEndToEndTests.swift */; };
		FA51C0D92A3A4885002EC274 /* FeedFramework.framework in Frameworks */ = {isa = PBXBuildFile; fileRef = FABF6D0E2A26761E009FE0E9 /* FeedFramework.framework */; };
		FA51C0DF2A3ABBEB002EC274 /* XCTestCase+MemoryLeakTracking.swift in Sources */ = {isa = PBXBuildFile; fileRef = FA2235DB2A2A80E900A5A9D8 /* XCTestCase+MemoryLeakTracking.swift */; };
		FA539A4D2A4D2367005585A7 /* FeedFramework.framework in Frameworks */ = {isa = PBXBuildFile; fileRef = FABF6D0E2A26761E009FE0E9 /* FeedFramework.framework */; };
		FA539A4E2A4D2367005585A7 /* FeedFramework.framework in Embed Frameworks */ = {isa = PBXBuildFile; fileRef = FABF6D0E2A26761E009FE0E9 /* FeedFramework.framework */; settings = {ATTRIBUTES = (CodeSignOnCopy, RemoveHeadersOnCopy, ); }; };
		FA539A522A4D244E005585A7 /* XCTestCase+MemoryLeakTracking.swift in Sources */ = {isa = PBXBuildFile; fileRef = FA2235DB2A2A80E900A5A9D8 /* XCTestCase+MemoryLeakTracking.swift */; };
		FA6944D82A50F56D004E43DC /* Feed.storyboard in Resources */ = {isa = PBXBuildFile; fileRef = FA6944D72A50F56D004E43DC /* Feed.storyboard */; };
		FA6944DA2A50F60B004E43DC /* Feed.xcassets in Resources */ = {isa = PBXBuildFile; fileRef = FA6944D92A50F60B004E43DC /* Feed.xcassets */; };
		FA6944DC2A510CCF004E43DC /* UITableView+Dequeuing.swift in Sources */ = {isa = PBXBuildFile; fileRef = FA6944DB2A510CCF004E43DC /* UITableView+Dequeuing.swift */; };
		FA6944DE2A510E10004E43DC /* UIImageView+Animations.swift in Sources */ = {isa = PBXBuildFile; fileRef = FA6944DD2A510E10004E43DC /* UIImageView+Animations.swift */; };
		FA6944E22A532F0E004E43DC /* FeedViewControllerTests+Localization.swift in Sources */ = {isa = PBXBuildFile; fileRef = FA6944E12A532F0E004E43DC /* FeedViewControllerTests+Localization.swift */; };
		FA6C55352A533FB100788C63 /* MainQueueDispatchDecorator.swift in Sources */ = {isa = PBXBuildFile; fileRef = FA6C55342A533FB100788C63 /* MainQueueDispatchDecorator.swift */; };
		FA6C55372A53404500788C63 /* WeakRefVirtualProxy.swift in Sources */ = {isa = PBXBuildFile; fileRef = FA6C55362A53404500788C63 /* WeakRefVirtualProxy.swift */; };
		FA6C55392A5340BE00788C63 /* FeedImageDataLoaderPresentationAdapter.swift in Sources */ = {isa = PBXBuildFile; fileRef = FA6C55382A5340BE00788C63 /* FeedImageDataLoaderPresentationAdapter.swift */; };
		FA6C553B2A53411D00788C63 /* FeedLoaderPresentationAdapter.swift in Sources */ = {isa = PBXBuildFile; fileRef = FA6C553A2A53411D00788C63 /* FeedLoaderPresentationAdapter.swift */; };
		FA6C553D2A53417E00788C63 /* FeedViewAdapter.swift in Sources */ = {isa = PBXBuildFile; fileRef = FA6C553C2A53417E00788C63 /* FeedViewAdapter.swift */; };
		FA6C553F2A53490600788C63 /* ErrorView.swift in Sources */ = {isa = PBXBuildFile; fileRef = FA6C553E2A53490600788C63 /* ErrorView.swift */; };
		FA767AFF2A4A87A100C1A77A /* FeedStoreSpecs.swift in Sources */ = {isa = PBXBuildFile; fileRef = FA767AFE2A4A87A100C1A77A /* FeedStoreSpecs.swift */; };
		FA767B012A4A883D00C1A77A /* XCTestCase+FeedStoreSpecs.swift in Sources */ = {isa = PBXBuildFile; fileRef = FA767B002A4A883D00C1A77A /* XCTestCase+FeedStoreSpecs.swift */; };
		FA7999E62A4A952D004963A6 /* CoreDataHelpers.swift in Sources */ = {isa = PBXBuildFile; fileRef = FA7999E02A4A952D004963A6 /* CoreDataHelpers.swift */; };
		FA7999E82A4A952D004963A6 /* ManagedFeedImage.swift in Sources */ = {isa = PBXBuildFile; fileRef = FA7999E12A4A952D004963A6 /* ManagedFeedImage.swift */; };
		FA7999EC2A4A952D004963A6 /* ManagedCache.swift in Sources */ = {isa = PBXBuildFile; fileRef = FA7999E42A4A952D004963A6 /* ManagedCache.swift */; };
		FA7999EE2A4A952D004963A6 /* CoreDataFeedStore.swift in Sources */ = {isa = PBXBuildFile; fileRef = FA7999E52A4A952D004963A6 /* CoreDataFeedStore.swift */; };
		FA7999F12A4A9579004963A6 /* CoreDataFeedStoreTests.swift in Sources */ = {isa = PBXBuildFile; fileRef = FA7999F02A4A9579004963A6 /* CoreDataFeedStoreTests.swift */; };
		FA7999F42A4A9712004963A6 /* FeedStore.xcdatamodeld in Sources */ = {isa = PBXBuildFile; fileRef = FA7999F22A4A9712004963A6 /* FeedStore.xcdatamodeld */; };
		FA799A042A4B73D4004963A6 /* XCTestCase+FailableDeleteFeedStoreSpecs.swift in Sources */ = {isa = PBXBuildFile; fileRef = FA799A032A4B73D4004963A6 /* XCTestCase+FailableDeleteFeedStoreSpecs.swift */; };
		FA799A062A4B747E004963A6 /* XCTestCase+FailableInsertFeedStoreSpecs.swift in Sources */ = {isa = PBXBuildFile; fileRef = FA799A052A4B747E004963A6 /* XCTestCase+FailableInsertFeedStoreSpecs.swift */; };
		FA799A082A4B749A004963A6 /* XCTestCase+FailableRetrieveFeedStoreSpecs.swift in Sources */ = {isa = PBXBuildFile; fileRef = FA799A072A4B749A004963A6 /* XCTestCase+FailableRetrieveFeedStoreSpecs.swift */; };
		FA799A132A4B7818004963A6 /* FeedFrameworkCacheIntegrationTests.swift in Sources */ = {isa = PBXBuildFile; fileRef = FA799A122A4B7818004963A6 /* FeedFrameworkCacheIntegrationTests.swift */; };
		FA799A142A4B7818004963A6 /* FeedFramework.framework in Frameworks */ = {isa = PBXBuildFile; fileRef = FABF6D0E2A26761E009FE0E9 /* FeedFramework.framework */; };
		FA799A1B2A4B7BE0004963A6 /* XCTestCase+MemoryLeakTracking.swift in Sources */ = {isa = PBXBuildFile; fileRef = FA2235DB2A2A80E900A5A9D8 /* XCTestCase+MemoryLeakTracking.swift */; };
		FA799A1D2A4B7D19004963A6 /* FeedCacheTestHelpers.swift in Sources */ = {isa = PBXBuildFile; fileRef = FA009E852A4671C100779067 /* FeedCacheTestHelpers.swift */; };
		FA799A1E2A4B7D21004963A6 /* SharedTestHelpers.swift in Sources */ = {isa = PBXBuildFile; fileRef = FA009E872A4672B800779067 /* SharedTestHelpers.swift */; };
		FA799A1F2A4B7D23004963A6 /* SharedTestHelpers.swift in Sources */ = {isa = PBXBuildFile; fileRef = FA009E872A4672B800779067 /* SharedTestHelpers.swift */; };
		FA8948202A4CF27100240F61 /* FeedFrameworkiOS.framework in Frameworks */ = {isa = PBXBuildFile; fileRef = FA8948182A4CF26F00240F61 /* FeedFrameworkiOS.framework */; };
		FAA6B14C2A4A4B46002CB607 /* CodableFeedStore.swift in Sources */ = {isa = PBXBuildFile; fileRef = FAA6B14B2A4A4B46002CB607 /* CodableFeedStore.swift */; };
		FAB1BEAC2A53831600A808D1 /* FeedImagePresenter.swift in Sources */ = {isa = PBXBuildFile; fileRef = FAB1BEAB2A53831600A808D1 /* FeedImagePresenter.swift */; };
		FAB1BEAE2A53836000A808D1 /* FeedImageViewModel.swift in Sources */ = {isa = PBXBuildFile; fileRef = FAB1BEAD2A53836000A808D1 /* FeedImageViewModel.swift */; };
		FABF6D132A26761E009FE0E9 /* FeedFramework.docc in Sources */ = {isa = PBXBuildFile; fileRef = FABF6D122A26761E009FE0E9 /* FeedFramework.docc */; };
		FABF6D192A26761F009FE0E9 /* FeedFramework.framework in Frameworks */ = {isa = PBXBuildFile; fileRef = FABF6D0E2A26761E009FE0E9 /* FeedFramework.framework */; };
		FABF6D292A26764F009FE0E9 /* FeedImage.swift in Sources */ = {isa = PBXBuildFile; fileRef = FABF6D282A26764E009FE0E9 /* FeedImage.swift */; };
		FABF6D2C2A2676F2009FE0E9 /* FeedLoader.swift in Sources */ = {isa = PBXBuildFile; fileRef = FABF6D2B2A2676F2009FE0E9 /* FeedLoader.swift */; };
		FABF6D312A2679C0009FE0E9 /* LoadFeedFromRemoteUseCaseTests.swift in Sources */ = {isa = PBXBuildFile; fileRef = FABF6D2F2A2679C0009FE0E9 /* LoadFeedFromRemoteUseCaseTests.swift */; };
		FABF6D342A268B79009FE0E9 /* RemoteFeedLoader.swift in Sources */ = {isa = PBXBuildFile; fileRef = FABF6D332A268B79009FE0E9 /* RemoteFeedLoader.swift */; };
		FABF6D372A26AFCF009FE0E9 /* HTTPClient.swift in Sources */ = {isa = PBXBuildFile; fileRef = FABF6D362A26AFCE009FE0E9 /* HTTPClient.swift */; };
		FABF6D3A2A26B04F009FE0E9 /* FeedItemsMapper.swift in Sources */ = {isa = PBXBuildFile; fileRef = FABF6D392A26B04F009FE0E9 /* FeedItemsMapper.swift */; };
		FABF6D3E2A284842009FE0E9 /* URLSessionHTTPClientTests.swift in Sources */ = {isa = PBXBuildFile; fileRef = FABF6D3D2A284842009FE0E9 /* URLSessionHTTPClientTests.swift */; };
		FAEA9EE72A4D1A3C00CE4788 /* FeedUIIntegrationTests.swift in Sources */ = {isa = PBXBuildFile; fileRef = FAEA9EE62A4D1A3C00CE4788 /* FeedUIIntegrationTests.swift */; };
/* End PBXBuildFile section */

/* Begin PBXContainerItemProxy section */
		FA51C0DA2A3A4885002EC274 /* PBXContainerItemProxy */ = {
			isa = PBXContainerItemProxy;
			containerPortal = FABF6D052A26761E009FE0E9 /* Project object */;
			proxyType = 1;
			remoteGlobalIDString = FABF6D0D2A26761E009FE0E9;
			remoteInfo = FeedFramework;
		};
		FA539A4F2A4D2367005585A7 /* PBXContainerItemProxy */ = {
			isa = PBXContainerItemProxy;
			containerPortal = FABF6D052A26761E009FE0E9 /* Project object */;
			proxyType = 1;
			remoteGlobalIDString = FABF6D0D2A26761E009FE0E9;
			remoteInfo = FeedFramework;
		};
		FA799A152A4B7818004963A6 /* PBXContainerItemProxy */ = {
			isa = PBXContainerItemProxy;
			containerPortal = FABF6D052A26761E009FE0E9 /* Project object */;
			proxyType = 1;
			remoteGlobalIDString = FABF6D0D2A26761E009FE0E9;
			remoteInfo = FeedFramework;
		};
		FA8948212A4CF27100240F61 /* PBXContainerItemProxy */ = {
			isa = PBXContainerItemProxy;
			containerPortal = FABF6D052A26761E009FE0E9 /* Project object */;
			proxyType = 1;
			remoteGlobalIDString = FA8948172A4CF26F00240F61;
			remoteInfo = FeedFrameworkiOS;
		};
		FABF6D1A2A26761F009FE0E9 /* PBXContainerItemProxy */ = {
			isa = PBXContainerItemProxy;
			containerPortal = FABF6D052A26761E009FE0E9 /* Project object */;
			proxyType = 1;
			remoteGlobalIDString = FABF6D0D2A26761E009FE0E9;
			remoteInfo = FeedFramework;
		};
/* End PBXContainerItemProxy section */

/* Begin PBXCopyFilesBuildPhase section */
		FA539A512A4D2367005585A7 /* Embed Frameworks */ = {
			isa = PBXCopyFilesBuildPhase;
			buildActionMask = 2147483647;
			dstPath = "";
			dstSubfolderSpec = 10;
			files = (
				FA539A4E2A4D2367005585A7 /* FeedFramework.framework in Embed Frameworks */,
			);
			name = "Embed Frameworks";
			runOnlyForDeploymentPostprocessing = 0;
		};
/* End PBXCopyFilesBuildPhase section */

/* Begin PBXFileReference section */
		FA009E852A4671C100779067 /* FeedCacheTestHelpers.swift */ = {isa = PBXFileReference; lastKnownFileType = sourcecode.swift; path = FeedCacheTestHelpers.swift; sourceTree = "<group>"; };
		FA009E872A4672B800779067 /* SharedTestHelpers.swift */ = {isa = PBXFileReference; lastKnownFileType = sourcecode.swift; path = SharedTestHelpers.swift; sourceTree = "<group>"; };
		FA009E8A2A47747B00779067 /* FeedCachePolicy.swift */ = {isa = PBXFileReference; lastKnownFileType = sourcecode.swift; path = FeedCachePolicy.swift; sourceTree = "<group>"; };
		FA009E8D2A47880700779067 /* CodableFeedStoreTests.swift */ = {isa = PBXFileReference; lastKnownFileType = sourcecode.swift; path = CodableFeedStoreTests.swift; sourceTree = "<group>"; };
		FA0386AE2A439062005F2059 /* CacheFeedUseCaseTests.swift */ = {isa = PBXFileReference; lastKnownFileType = sourcecode.swift; path = CacheFeedUseCaseTests.swift; sourceTree = "<group>"; };
		FA0D1CFD2A4D33D900BA78BD /* FeedViewController.swift */ = {isa = PBXFileReference; lastKnownFileType = sourcecode.swift; path = FeedViewController.swift; sourceTree = "<group>"; };
		FA0D1CFF2A4DE49C00BA78BD /* FeedImageCell.swift */ = {isa = PBXFileReference; lastKnownFileType = sourcecode.swift; path = FeedImageCell.swift; sourceTree = "<group>"; };
		FA0D1D012A4E0C3500BA78BD /* UIView+Shimmering.swift */ = {isa = PBXFileReference; lastKnownFileType = sourcecode.swift; path = "UIView+Shimmering.swift"; sourceTree = "<group>"; };
		FA1AD80A2A43EE8F00B8AB35 /* LocalFeedLoader.swift */ = {isa = PBXFileReference; lastKnownFileType = sourcecode.swift; path = LocalFeedLoader.swift; sourceTree = "<group>"; };
		FA1AD80D2A43EF1D00B8AB35 /* FeedStore.swift */ = {isa = PBXFileReference; lastKnownFileType = sourcecode.swift; path = FeedStore.swift; sourceTree = "<group>"; };
		FA1AD8102A44D95700B8AB35 /* RemoteFeedItem.swift */ = {isa = PBXFileReference; lastKnownFileType = sourcecode.swift; path = RemoteFeedItem.swift; sourceTree = "<group>"; };
		FA1AD8132A44D9B000B8AB35 /* LocalFeedImage.swift */ = {isa = PBXFileReference; lastKnownFileType = sourcecode.swift; path = LocalFeedImage.swift; sourceTree = "<group>"; };
		FA1BA3952A466D630017CB0D /* ValidateFeedCacheUseCaseTests.swift */ = {isa = PBXFileReference; lastKnownFileType = sourcecode.swift; path = ValidateFeedCacheUseCaseTests.swift; sourceTree = "<group>"; };
		FA2235DB2A2A80E900A5A9D8 /* XCTestCase+MemoryLeakTracking.swift */ = {isa = PBXFileReference; lastKnownFileType = sourcecode.swift; path = "XCTestCase+MemoryLeakTracking.swift"; sourceTree = "<group>"; };
		FA2235DD2A2A932E00A5A9D8 /* URLSessionHTTPClient.swift */ = {isa = PBXFileReference; lastKnownFileType = sourcecode.swift; path = URLSessionHTTPClient.swift; sourceTree = "<group>"; };
		FA2D2CE82A4F3E9B00FA4E38 /* FeedImageDataLoader.swift */ = {isa = PBXFileReference; lastKnownFileType = sourcecode.swift; path = FeedImageDataLoader.swift; sourceTree = "<group>"; };
		FA2D2CEC2A4F52D300FA4E38 /* FeedImageCellController.swift */ = {isa = PBXFileReference; lastKnownFileType = sourcecode.swift; path = FeedImageCellController.swift; sourceTree = "<group>"; };
		FA2D2CEF2A4F57D100FA4E38 /* FeedUIComposer.swift */ = {isa = PBXFileReference; lastKnownFileType = sourcecode.swift; path = FeedUIComposer.swift; sourceTree = "<group>"; };
		FA2D2CF72A4F75A900FA4E38 /* UIImage+TestHelpers.swift */ = {isa = PBXFileReference; lastKnownFileType = sourcecode.swift; path = "UIImage+TestHelpers.swift"; sourceTree = "<group>"; };
		FA2D2CF92A4F75E900FA4E38 /* UIRefreshControl+TestHelpers.swift */ = {isa = PBXFileReference; lastKnownFileType = sourcecode.swift; path = "UIRefreshControl+TestHelpers.swift"; sourceTree = "<group>"; };
		FA2D2CFB2A4F762E00FA4E38 /* UIButton+TestHelpers.swift */ = {isa = PBXFileReference; lastKnownFileType = sourcecode.swift; path = "UIButton+TestHelpers.swift"; sourceTree = "<group>"; };
		FA2D2CFD2A4F766100FA4E38 /* UIControl+TestHelpers.swift */ = {isa = PBXFileReference; lastKnownFileType = sourcecode.swift; path = "UIControl+TestHelpers.swift"; sourceTree = "<group>"; };
		FA2D2CFF2A4F773600FA4E38 /* FeedViewController+TestHelpers.swift */ = {isa = PBXFileReference; lastKnownFileType = sourcecode.swift; path = "FeedViewController+TestHelpers.swift"; sourceTree = "<group>"; };
		FA2D2D012A4F77A500FA4E38 /* FeedImageCell+TestHelpers.swift */ = {isa = PBXFileReference; lastKnownFileType = sourcecode.swift; path = "FeedImageCell+TestHelpers.swift"; sourceTree = "<group>"; };
		FA2D2D032A4F780F00FA4E38 /* FeedViewControllerTests+LoaderSpy.swift */ = {isa = PBXFileReference; lastKnownFileType = sourcecode.swift; path = "FeedViewControllerTests+LoaderSpy.swift"; sourceTree = "<group>"; };
		FA2D2D052A4F788E00FA4E38 /* FeedViewControllerTests+Assertions.swift */ = {isa = PBXFileReference; lastKnownFileType = sourcecode.swift; path = "FeedViewControllerTests+Assertions.swift"; sourceTree = "<group>"; };
		FA349C312A5350C300E1D092 /* UIRefreshControl+Helpers.swift */ = {isa = PBXFileReference; lastKnownFileType = sourcecode.swift; path = "UIRefreshControl+Helpers.swift"; sourceTree = "<group>"; };
		FA349C342A5360F300E1D092 /* FeedPresenterTests.swift */ = {isa = PBXFileReference; lastKnownFileType = sourcecode.swift; path = FeedPresenterTests.swift; sourceTree = "<group>"; };
		FA3C4BB92A536D4E0091C771 /* en */ = {isa = PBXFileReference; lastKnownFileType = text.plist.strings; name = en; path = en.lproj/Feed.strings; sourceTree = "<group>"; };
		FA3C4BBB2A536D540091C771 /* pt-BR */ = {isa = PBXFileReference; lastKnownFileType = text.plist.strings; name = "pt-BR"; path = "pt-BR.lproj/Feed.strings"; sourceTree = "<group>"; };
		FA3C4BBC2A536D540091C771 /* es */ = {isa = PBXFileReference; lastKnownFileType = text.plist.strings; name = es; path = es.lproj/Feed.strings; sourceTree = "<group>"; };
		FA3C4BBE2A536E5B0091C771 /* FeedPresenter.swift */ = {isa = PBXFileReference; lastKnownFileType = sourcecode.swift; path = FeedPresenter.swift; sourceTree = "<group>"; };
		FA3C4BC12A5370520091C771 /* FeedViewModel.swift */ = {isa = PBXFileReference; lastKnownFileType = sourcecode.swift; path = FeedViewModel.swift; sourceTree = "<group>"; };
		FA3C4BC32A5370670091C771 /* FeedLoadingViewModel.swift */ = {isa = PBXFileReference; lastKnownFileType = sourcecode.swift; path = FeedLoadingViewModel.swift; sourceTree = "<group>"; };
		FA3C4BC52A5370870091C771 /* FeedErrorViewModel.swift */ = {isa = PBXFileReference; lastKnownFileType = sourcecode.swift; path = FeedErrorViewModel.swift; sourceTree = "<group>"; };
		FA3C4BC82A53763B0091C771 /* FeedImagePresenterTests.swift */ = {isa = PBXFileReference; lastKnownFileType = sourcecode.swift; path = FeedImagePresenterTests.swift; sourceTree = "<group>"; };
		FA425FE12A450463004E293A /* LoadFeedFromCacheUseCaseTests.swift */ = {isa = PBXFileReference; lastKnownFileType = sourcecode.swift; path = LoadFeedFromCacheUseCaseTests.swift; sourceTree = "<group>"; };
		FA425FE42A450667004E293A /* FeedStoreSpy.swift */ = {isa = PBXFileReference; lastKnownFileType = sourcecode.swift; path = FeedStoreSpy.swift; sourceTree = "<group>"; };
		FA51C0D02A3A4715002EC274 /* FeedFramework.xctestplan */ = {isa = PBXFileReference; lastKnownFileType = text; path = FeedFramework.xctestplan; sourceTree = "<group>"; };
		FA51C0D52A3A4885002EC274 /* FeedAPIEndToEndTests.xctest */ = {isa = PBXFileReference; explicitFileType = wrapper.cfbundle; includeInIndex = 0; path = FeedAPIEndToEndTests.xctest; sourceTree = BUILT_PRODUCTS_DIR; };
		FA51C0D72A3A4885002EC274 /* FeedAPIEndToEndTests.swift */ = {isa = PBXFileReference; lastKnownFileType = sourcecode.swift; path = FeedAPIEndToEndTests.swift; sourceTree = "<group>"; };
		FA51C0E02A3AC4FD002EC274 /* CI_macOS.xctestplan */ = {isa = PBXFileReference; lastKnownFileType = text; path = CI_macOS.xctestplan; sourceTree = "<group>"; };
		FA539A4B2A4D1CE8005585A7 /* CI_iOS.xctestplan */ = {isa = PBXFileReference; lastKnownFileType = text; path = CI_iOS.xctestplan; sourceTree = "<group>"; };
		FA598E652A4CEB9B00A1694C /* FeedAPIEndToEndTests.xctestplan */ = {isa = PBXFileReference; lastKnownFileType = text; path = FeedAPIEndToEndTests.xctestplan; sourceTree = "<group>"; };
		FA6944D72A50F56D004E43DC /* Feed.storyboard */ = {isa = PBXFileReference; lastKnownFileType = file.storyboard; path = Feed.storyboard; sourceTree = "<group>"; };
		FA6944D92A50F60B004E43DC /* Feed.xcassets */ = {isa = PBXFileReference; lastKnownFileType = folder.assetcatalog; path = Feed.xcassets; sourceTree = "<group>"; };
		FA6944DB2A510CCF004E43DC /* UITableView+Dequeuing.swift */ = {isa = PBXFileReference; lastKnownFileType = sourcecode.swift; path = "UITableView+Dequeuing.swift"; sourceTree = "<group>"; };
		FA6944DD2A510E10004E43DC /* UIImageView+Animations.swift */ = {isa = PBXFileReference; lastKnownFileType = sourcecode.swift; path = "UIImageView+Animations.swift"; sourceTree = "<group>"; };
		FA6944E12A532F0E004E43DC /* FeedViewControllerTests+Localization.swift */ = {isa = PBXFileReference; lastKnownFileType = sourcecode.swift; path = "FeedViewControllerTests+Localization.swift"; sourceTree = "<group>"; };
		FA6C55322A53321E00788C63 /* FeedLocalizationTests.swift */ = {isa = PBXFileReference; lastKnownFileType = sourcecode.swift; path = FeedLocalizationTests.swift; sourceTree = "<group>"; };
		FA6C55342A533FB100788C63 /* MainQueueDispatchDecorator.swift */ = {isa = PBXFileReference; lastKnownFileType = sourcecode.swift; path = MainQueueDispatchDecorator.swift; sourceTree = "<group>"; };
		FA6C55362A53404500788C63 /* WeakRefVirtualProxy.swift */ = {isa = PBXFileReference; lastKnownFileType = sourcecode.swift; path = WeakRefVirtualProxy.swift; sourceTree = "<group>"; };
		FA6C55382A5340BE00788C63 /* FeedImageDataLoaderPresentationAdapter.swift */ = {isa = PBXFileReference; lastKnownFileType = sourcecode.swift; path = FeedImageDataLoaderPresentationAdapter.swift; sourceTree = "<group>"; };
		FA6C553A2A53411D00788C63 /* FeedLoaderPresentationAdapter.swift */ = {isa = PBXFileReference; lastKnownFileType = sourcecode.swift; path = FeedLoaderPresentationAdapter.swift; sourceTree = "<group>"; };
		FA6C553C2A53417E00788C63 /* FeedViewAdapter.swift */ = {isa = PBXFileReference; lastKnownFileType = sourcecode.swift; path = FeedViewAdapter.swift; sourceTree = "<group>"; };
		FA6C553E2A53490600788C63 /* ErrorView.swift */ = {isa = PBXFileReference; lastKnownFileType = sourcecode.swift; path = ErrorView.swift; sourceTree = "<group>"; };
		FA767AFE2A4A87A100C1A77A /* FeedStoreSpecs.swift */ = {isa = PBXFileReference; lastKnownFileType = sourcecode.swift; path = FeedStoreSpecs.swift; sourceTree = "<group>"; };
		FA767B002A4A883D00C1A77A /* XCTestCase+FeedStoreSpecs.swift */ = {isa = PBXFileReference; lastKnownFileType = sourcecode.swift; path = "XCTestCase+FeedStoreSpecs.swift"; sourceTree = "<group>"; };
		FA7999E02A4A952D004963A6 /* CoreDataHelpers.swift */ = {isa = PBXFileReference; fileEncoding = 4; lastKnownFileType = sourcecode.swift; path = CoreDataHelpers.swift; sourceTree = "<group>"; };
		FA7999E12A4A952D004963A6 /* ManagedFeedImage.swift */ = {isa = PBXFileReference; fileEncoding = 4; lastKnownFileType = sourcecode.swift; path = ManagedFeedImage.swift; sourceTree = "<group>"; };
		FA7999E42A4A952D004963A6 /* ManagedCache.swift */ = {isa = PBXFileReference; fileEncoding = 4; lastKnownFileType = sourcecode.swift; path = ManagedCache.swift; sourceTree = "<group>"; };
		FA7999E52A4A952D004963A6 /* CoreDataFeedStore.swift */ = {isa = PBXFileReference; fileEncoding = 4; lastKnownFileType = sourcecode.swift; path = CoreDataFeedStore.swift; sourceTree = "<group>"; };
		FA7999F02A4A9579004963A6 /* CoreDataFeedStoreTests.swift */ = {isa = PBXFileReference; fileEncoding = 4; lastKnownFileType = sourcecode.swift; path = CoreDataFeedStoreTests.swift; sourceTree = "<group>"; };
		FA7999F32A4A9712004963A6 /* FeedStore.xcdatamodel */ = {isa = PBXFileReference; lastKnownFileType = wrapper.xcdatamodel; path = FeedStore.xcdatamodel; sourceTree = "<group>"; };
		FA799A032A4B73D4004963A6 /* XCTestCase+FailableDeleteFeedStoreSpecs.swift */ = {isa = PBXFileReference; lastKnownFileType = sourcecode.swift; path = "XCTestCase+FailableDeleteFeedStoreSpecs.swift"; sourceTree = "<group>"; };
		FA799A052A4B747E004963A6 /* XCTestCase+FailableInsertFeedStoreSpecs.swift */ = {isa = PBXFileReference; lastKnownFileType = sourcecode.swift; path = "XCTestCase+FailableInsertFeedStoreSpecs.swift"; sourceTree = "<group>"; };
		FA799A072A4B749A004963A6 /* XCTestCase+FailableRetrieveFeedStoreSpecs.swift */ = {isa = PBXFileReference; lastKnownFileType = sourcecode.swift; path = "XCTestCase+FailableRetrieveFeedStoreSpecs.swift"; sourceTree = "<group>"; };
		FA799A102A4B7818004963A6 /* FeedFrameworkCacheIntegrationTests.xctest */ = {isa = PBXFileReference; explicitFileType = wrapper.cfbundle; includeInIndex = 0; path = FeedFrameworkCacheIntegrationTests.xctest; sourceTree = BUILT_PRODUCTS_DIR; };
		FA799A122A4B7818004963A6 /* FeedFrameworkCacheIntegrationTests.swift */ = {isa = PBXFileReference; lastKnownFileType = sourcecode.swift; path = FeedFrameworkCacheIntegrationTests.swift; sourceTree = "<group>"; };
		FA799A1A2A4B7853004963A6 /* FeedFrameworkCacheIntegrationTests.xctestplan */ = {isa = PBXFileReference; lastKnownFileType = text; path = FeedFrameworkCacheIntegrationTests.xctestplan; sourceTree = "<group>"; };
		FA8948182A4CF26F00240F61 /* FeedFrameworkiOS.framework */ = {isa = PBXFileReference; explicitFileType = wrapper.framework; includeInIndex = 0; path = FeedFrameworkiOS.framework; sourceTree = BUILT_PRODUCTS_DIR; };
		FA89481F2A4CF27100240F61 /* FeedFrameworkiOSTests.xctest */ = {isa = PBXFileReference; explicitFileType = wrapper.cfbundle; includeInIndex = 0; path = FeedFrameworkiOSTests.xctest; sourceTree = BUILT_PRODUCTS_DIR; };
		FA89482D2A4CF33300240F61 /* FeedFrameworkiOS.xctestplan */ = {isa = PBXFileReference; lastKnownFileType = text; path = FeedFrameworkiOS.xctestplan; sourceTree = "<group>"; };
		FA89482F2A4CFD2100240F61 /* GOALS.md */ = {isa = PBXFileReference; lastKnownFileType = net.daringfireball.markdown; path = GOALS.md; sourceTree = "<group>"; };
		FAA6B14B2A4A4B46002CB607 /* CodableFeedStore.swift */ = {isa = PBXFileReference; lastKnownFileType = sourcecode.swift; path = CodableFeedStore.swift; sourceTree = "<group>"; };
		FAB1BEAB2A53831600A808D1 /* FeedImagePresenter.swift */ = {isa = PBXFileReference; lastKnownFileType = sourcecode.swift; path = FeedImagePresenter.swift; sourceTree = "<group>"; };
		FAB1BEAD2A53836000A808D1 /* FeedImageViewModel.swift */ = {isa = PBXFileReference; lastKnownFileType = sourcecode.swift; path = FeedImageViewModel.swift; sourceTree = "<group>"; };
		FABF6D0E2A26761E009FE0E9 /* FeedFramework.framework */ = {isa = PBXFileReference; explicitFileType = wrapper.framework; includeInIndex = 0; path = FeedFramework.framework; sourceTree = BUILT_PRODUCTS_DIR; };
		FABF6D122A26761E009FE0E9 /* FeedFramework.docc */ = {isa = PBXFileReference; lastKnownFileType = folder.documentationcatalog; path = FeedFramework.docc; sourceTree = "<group>"; };
		FABF6D182A26761F009FE0E9 /* FeedFrameworkTests.xctest */ = {isa = PBXFileReference; explicitFileType = wrapper.cfbundle; includeInIndex = 0; path = FeedFrameworkTests.xctest; sourceTree = BUILT_PRODUCTS_DIR; };
		FABF6D282A26764E009FE0E9 /* FeedImage.swift */ = {isa = PBXFileReference; lastKnownFileType = sourcecode.swift; path = FeedImage.swift; sourceTree = "<group>"; };
		FABF6D2B2A2676F2009FE0E9 /* FeedLoader.swift */ = {isa = PBXFileReference; lastKnownFileType = sourcecode.swift; path = FeedLoader.swift; sourceTree = "<group>"; };
		FABF6D2F2A2679C0009FE0E9 /* LoadFeedFromRemoteUseCaseTests.swift */ = {isa = PBXFileReference; lastKnownFileType = sourcecode.swift; path = LoadFeedFromRemoteUseCaseTests.swift; sourceTree = "<group>"; };
		FABF6D332A268B79009FE0E9 /* RemoteFeedLoader.swift */ = {isa = PBXFileReference; lastKnownFileType = sourcecode.swift; path = RemoteFeedLoader.swift; sourceTree = "<group>"; };
		FABF6D362A26AFCE009FE0E9 /* HTTPClient.swift */ = {isa = PBXFileReference; lastKnownFileType = sourcecode.swift; path = HTTPClient.swift; sourceTree = "<group>"; };
		FABF6D392A26B04F009FE0E9 /* FeedItemsMapper.swift */ = {isa = PBXFileReference; lastKnownFileType = sourcecode.swift; path = FeedItemsMapper.swift; sourceTree = "<group>"; };
		FABF6D3D2A284842009FE0E9 /* URLSessionHTTPClientTests.swift */ = {isa = PBXFileReference; lastKnownFileType = sourcecode.swift; path = URLSessionHTTPClientTests.swift; sourceTree = "<group>"; };
		FAEA9EE52A4D1A3B00CE4788 /* FeedFrameworkiOSTests-Bridging-Header.h */ = {isa = PBXFileReference; lastKnownFileType = sourcecode.c.h; path = "FeedFrameworkiOSTests-Bridging-Header.h"; sourceTree = "<group>"; };
		FAEA9EE62A4D1A3C00CE4788 /* FeedUIIntegrationTests.swift */ = {isa = PBXFileReference; lastKnownFileType = sourcecode.swift; path = FeedUIIntegrationTests.swift; sourceTree = "<group>"; };
/* End PBXFileReference section */

/* Begin PBXFrameworksBuildPhase section */
		FA51C0D22A3A4885002EC274 /* Frameworks */ = {
			isa = PBXFrameworksBuildPhase;
			buildActionMask = 2147483647;
			files = (
				FA51C0D92A3A4885002EC274 /* FeedFramework.framework in Frameworks */,
			);
			runOnlyForDeploymentPostprocessing = 0;
		};
		FA799A0D2A4B7818004963A6 /* Frameworks */ = {
			isa = PBXFrameworksBuildPhase;
			buildActionMask = 2147483647;
			files = (
				FA799A142A4B7818004963A6 /* FeedFramework.framework in Frameworks */,
			);
			runOnlyForDeploymentPostprocessing = 0;
		};
		FA8948152A4CF26F00240F61 /* Frameworks */ = {
			isa = PBXFrameworksBuildPhase;
			buildActionMask = 2147483647;
			files = (
				FA539A4D2A4D2367005585A7 /* FeedFramework.framework in Frameworks */,
			);
			runOnlyForDeploymentPostprocessing = 0;
		};
		FA89481C2A4CF27100240F61 /* Frameworks */ = {
			isa = PBXFrameworksBuildPhase;
			buildActionMask = 2147483647;
			files = (
				FA8948202A4CF27100240F61 /* FeedFrameworkiOS.framework in Frameworks */,
			);
			runOnlyForDeploymentPostprocessing = 0;
		};
		FABF6D0B2A26761E009FE0E9 /* Frameworks */ = {
			isa = PBXFrameworksBuildPhase;
			buildActionMask = 2147483647;
			files = (
			);
			runOnlyForDeploymentPostprocessing = 0;
		};
		FABF6D152A26761F009FE0E9 /* Frameworks */ = {
			isa = PBXFrameworksBuildPhase;
			buildActionMask = 2147483647;
			files = (
				FABF6D192A26761F009FE0E9 /* FeedFramework.framework in Frameworks */,
			);
			runOnlyForDeploymentPostprocessing = 0;
		};
/* End PBXFrameworksBuildPhase section */

/* Begin PBXGroup section */
		FA0386AD2A43903E005F2059 /* Feed Cache */ = {
			isa = PBXGroup;
			children = (
				FA425FE32A450657004E293A /* Helpers */,
				FA799A0A2A4B7500004963A6 /* FeedStoreSpecs */,
				FA0386AE2A439062005F2059 /* CacheFeedUseCaseTests.swift */,
				FA425FE12A450463004E293A /* LoadFeedFromCacheUseCaseTests.swift */,
				FA1BA3952A466D630017CB0D /* ValidateFeedCacheUseCaseTests.swift */,
				FA009E8D2A47880700779067 /* CodableFeedStoreTests.swift */,
				FA7999F02A4A9579004963A6 /* CoreDataFeedStoreTests.swift */,
			);
			path = "Feed Cache";
			sourceTree = "<group>";
		};
		FA1AD8092A43EE7200B8AB35 /* Feed Cache */ = {
			isa = PBXGroup;
			children = (
				FA7999DE2A4A952D004963A6 /* Infrastructure */,
				FA1AD80A2A43EE8F00B8AB35 /* LocalFeedLoader.swift */,
				FA1AD80D2A43EF1D00B8AB35 /* FeedStore.swift */,
				FA1AD8132A44D9B000B8AB35 /* LocalFeedImage.swift */,
				FA009E8A2A47747B00779067 /* FeedCachePolicy.swift */,
			);
			path = "Feed Cache";
			sourceTree = "<group>";
		};
		FA2235DA2A2A80BA00A5A9D8 /* Helpers */ = {
			isa = PBXGroup;
			children = (
				FA2235DB2A2A80E900A5A9D8 /* XCTestCase+MemoryLeakTracking.swift */,
				FA009E872A4672B800779067 /* SharedTestHelpers.swift */,
			);
			path = Helpers;
			sourceTree = "<group>";
		};
		FA2D2CE42A4F3E5000FA4E38 /* Feed Image Loader */ = {
			isa = PBXGroup;
			children = (
				FA2D2CE82A4F3E9B00FA4E38 /* FeedImageDataLoader.swift */,
			);
			path = "Feed Image Loader";
			sourceTree = "<group>";
		};
		FA2D2CE52A4F3E5A00FA4E38 /* Feed UI */ = {
			isa = PBXGroup;
			children = (
				FA2D2CEE2A4F57C800FA4E38 /* Composers */,
				FA2D2CE72A4F3E6400FA4E38 /* Controllers */,
				FA2D2CE62A4F3E5E00FA4E38 /* Views */,
			);
			path = "Feed UI";
			sourceTree = "<group>";
		};
		FA2D2CE62A4F3E5E00FA4E38 /* Views */ = {
			isa = PBXGroup;
			children = (
				FA0D1CFF2A4DE49C00BA78BD /* FeedImageCell.swift */,
				FA349C2E2A534FFD00E1D092 /* Helpers */,
				FA6944D72A50F56D004E43DC /* Feed.storyboard */,
				FA6944D92A50F60B004E43DC /* Feed.xcassets */,
				FA6C553E2A53490600788C63 /* ErrorView.swift */,
			);
			path = Views;
			sourceTree = "<group>";
		};
		FA2D2CE72A4F3E6400FA4E38 /* Controllers */ = {
			isa = PBXGroup;
			children = (
				FA0D1CFD2A4D33D900BA78BD /* FeedViewController.swift */,
				FA2D2CEC2A4F52D300FA4E38 /* FeedImageCellController.swift */,
			);
			path = Controllers;
			sourceTree = "<group>";
		};
		FA2D2CEE2A4F57C800FA4E38 /* Composers */ = {
			isa = PBXGroup;
			children = (
				FA2D2CEF2A4F57D100FA4E38 /* FeedUIComposer.swift */,
				FA6C55342A533FB100788C63 /* MainQueueDispatchDecorator.swift */,
				FA6C55362A53404500788C63 /* WeakRefVirtualProxy.swift */,
				FA6C55382A5340BE00788C63 /* FeedImageDataLoaderPresentationAdapter.swift */,
				FA6C553A2A53411D00788C63 /* FeedLoaderPresentationAdapter.swift */,
				FA6C553C2A53417E00788C63 /* FeedViewAdapter.swift */,
			);
			path = Composers;
			sourceTree = "<group>";
		};
		FA2D2CF62A4F758C00FA4E38 /* Helpers */ = {
			isa = PBXGroup;
			children = (
				FA2D2CF72A4F75A900FA4E38 /* UIImage+TestHelpers.swift */,
				FA2D2CF92A4F75E900FA4E38 /* UIRefreshControl+TestHelpers.swift */,
				FA2D2CFB2A4F762E00FA4E38 /* UIButton+TestHelpers.swift */,
				FA2D2CFD2A4F766100FA4E38 /* UIControl+TestHelpers.swift */,
				FA2D2CFF2A4F773600FA4E38 /* FeedViewController+TestHelpers.swift */,
				FA2D2D012A4F77A500FA4E38 /* FeedImageCell+TestHelpers.swift */,
				FA2D2D032A4F780F00FA4E38 /* FeedViewControllerTests+LoaderSpy.swift */,
				FA2D2D052A4F788E00FA4E38 /* FeedViewControllerTests+Assertions.swift */,
				FA6944E12A532F0E004E43DC /* FeedViewControllerTests+Localization.swift */,
			);
			path = Helpers;
			sourceTree = "<group>";
		};
		FA349C2E2A534FFD00E1D092 /* Helpers */ = {
			isa = PBXGroup;
			children = (
				FA0D1D012A4E0C3500BA78BD /* UIView+Shimmering.swift */,
				FA6944DB2A510CCF004E43DC /* UITableView+Dequeuing.swift */,
				FA6944DD2A510E10004E43DC /* UIImageView+Animations.swift */,
				FA349C312A5350C300E1D092 /* UIRefreshControl+Helpers.swift */,
			);
			path = Helpers;
			sourceTree = "<group>";
		};
		FA349C332A5360C700E1D092 /* Feed Presentation */ = {
			isa = PBXGroup;
			children = (
				FA349C342A5360F300E1D092 /* FeedPresenterTests.swift */,
				FA6C55322A53321E00788C63 /* FeedLocalizationTests.swift */,
				FA3C4BC82A53763B0091C771 /* FeedImagePresenterTests.swift */,
			);
			path = "Feed Presentation";
			sourceTree = "<group>";
		};
		FA3C4BBD2A536E4B0091C771 /* Feed Presentation */ = {
			isa = PBXGroup;
			children = (
				FA3C4BBE2A536E5B0091C771 /* FeedPresenter.swift */,
				FA3C4BC12A5370520091C771 /* FeedViewModel.swift */,
				FA3C4BC32A5370670091C771 /* FeedLoadingViewModel.swift */,
				FA3C4BC52A5370870091C771 /* FeedErrorViewModel.swift */,
				FA3C4BBA2A536D4E0091C771 /* Feed.strings */,
				FAB1BEAB2A53831600A808D1 /* FeedImagePresenter.swift */,
				FAB1BEAD2A53836000A808D1 /* FeedImageViewModel.swift */,
			);
			path = "Feed Presentation";
			sourceTree = "<group>";
		};
		FA425FE32A450657004E293A /* Helpers */ = {
			isa = PBXGroup;
			children = (
				FA425FE42A450667004E293A /* FeedStoreSpy.swift */,
				FA009E852A4671C100779067 /* FeedCacheTestHelpers.swift */,
			);
			path = Helpers;
			sourceTree = "<group>";
		};
		FA51C0D62A3A4885002EC274 /* FeedAPIEndToEndTests */ = {
			isa = PBXGroup;
			children = (
				FA51C0D72A3A4885002EC274 /* FeedAPIEndToEndTests.swift */,
			);
			path = FeedAPIEndToEndTests;
			sourceTree = "<group>";
		};
		FA539A4C2A4D2367005585A7 /* Frameworks */ = {
			isa = PBXGroup;
			children = (
			);
			name = Frameworks;
			sourceTree = "<group>";
		};
		FA6C552B2A53302A00788C63 /* Feed UI */ = {
			isa = PBXGroup;
			children = (
				FA2D2CF62A4F758C00FA4E38 /* Helpers */,
				FAEA9EE62A4D1A3C00CE4788 /* FeedUIIntegrationTests.swift */,
			);
			path = "Feed UI";
			sourceTree = "<group>";
		};
		FA7999DE2A4A952D004963A6 /* Infrastructure */ = {
			isa = PBXGroup;
			children = (
				FA799A022A4B7319004963A6 /* Codable(Refactor) */,
				FA7999DF2A4A952D004963A6 /* CoreData */,
			);
			path = Infrastructure;
			sourceTree = "<group>";
		};
		FA7999DF2A4A952D004963A6 /* CoreData */ = {
			isa = PBXGroup;
			children = (
				FA7999E02A4A952D004963A6 /* CoreDataHelpers.swift */,
				FA7999F22A4A9712004963A6 /* FeedStore.xcdatamodeld */,
				FA7999E12A4A952D004963A6 /* ManagedFeedImage.swift */,
				FA7999E42A4A952D004963A6 /* ManagedCache.swift */,
				FA7999E52A4A952D004963A6 /* CoreDataFeedStore.swift */,
			);
			path = CoreData;
			sourceTree = "<group>";
		};
		FA799A022A4B7319004963A6 /* Codable(Refactor) */ = {
			isa = PBXGroup;
			children = (
				FAA6B14B2A4A4B46002CB607 /* CodableFeedStore.swift */,
			);
			path = "Codable(Refactor)";
			sourceTree = "<group>";
		};
		FA799A0A2A4B7500004963A6 /* FeedStoreSpecs */ = {
			isa = PBXGroup;
			children = (
				FA767AFE2A4A87A100C1A77A /* FeedStoreSpecs.swift */,
				FA767B002A4A883D00C1A77A /* XCTestCase+FeedStoreSpecs.swift */,
				FA799A072A4B749A004963A6 /* XCTestCase+FailableRetrieveFeedStoreSpecs.swift */,
				FA799A052A4B747E004963A6 /* XCTestCase+FailableInsertFeedStoreSpecs.swift */,
				FA799A032A4B73D4004963A6 /* XCTestCase+FailableDeleteFeedStoreSpecs.swift */,
			);
			path = FeedStoreSpecs;
			sourceTree = "<group>";
		};
		FA799A112A4B7818004963A6 /* FeedFrameworkCacheIntegrationTests */ = {
			isa = PBXGroup;
			children = (
				FA799A122A4B7818004963A6 /* FeedFrameworkCacheIntegrationTests.swift */,
			);
			path = FeedFrameworkCacheIntegrationTests;
			sourceTree = "<group>";
		};
		FA8948192A4CF27000240F61 /* FeedFrameworkiOS */ = {
			isa = PBXGroup;
			children = (
				FA2D2CE42A4F3E5000FA4E38 /* Feed Image Loader */,
				FA2D2CE52A4F3E5A00FA4E38 /* Feed UI */,
				FA89482F2A4CFD2100240F61 /* GOALS.md */,
			);
			path = FeedFrameworkiOS;
			sourceTree = "<group>";
		};
		FA8948232A4CF27200240F61 /* FeedFrameworkiOSTests */ = {
			isa = PBXGroup;
			children = (
				FA6C552B2A53302A00788C63 /* Feed UI */,
				FAEA9EE52A4D1A3B00CE4788 /* FeedFrameworkiOSTests-Bridging-Header.h */,
			);
			path = FeedFrameworkiOSTests;
			sourceTree = "<group>";
		};
		FABF6D042A26761E009FE0E9 = {
			isa = PBXGroup;
			children = (
				FA539A4B2A4D1CE8005585A7 /* CI_iOS.xctestplan */,
				FA51C0E02A3AC4FD002EC274 /* CI_macOS.xctestplan */,
				FA51C0D02A3A4715002EC274 /* FeedFramework.xctestplan */,
				FA89482D2A4CF33300240F61 /* FeedFrameworkiOS.xctestplan */,
				FA598E652A4CEB9B00A1694C /* FeedAPIEndToEndTests.xctestplan */,
				FA799A1A2A4B7853004963A6 /* FeedFrameworkCacheIntegrationTests.xctestplan */,
				FABF6D122A26761E009FE0E9 /* FeedFramework.docc */,
				FABF6D102A26761E009FE0E9 /* FeedFramework */,
				FABF6D1C2A26761F009FE0E9 /* FeedFrameworkTests */,
				FA51C0D62A3A4885002EC274 /* FeedAPIEndToEndTests */,
				FA799A112A4B7818004963A6 /* FeedFrameworkCacheIntegrationTests */,
				FA8948192A4CF27000240F61 /* FeedFrameworkiOS */,
				FA8948232A4CF27200240F61 /* FeedFrameworkiOSTests */,
				FABF6D0F2A26761E009FE0E9 /* Products */,
				FA539A4C2A4D2367005585A7 /* Frameworks */,
			);
			sourceTree = "<group>";
		};
		FABF6D0F2A26761E009FE0E9 /* Products */ = {
			isa = PBXGroup;
			children = (
				FABF6D0E2A26761E009FE0E9 /* FeedFramework.framework */,
				FABF6D182A26761F009FE0E9 /* FeedFrameworkTests.xctest */,
				FA51C0D52A3A4885002EC274 /* FeedAPIEndToEndTests.xctest */,
				FA799A102A4B7818004963A6 /* FeedFrameworkCacheIntegrationTests.xctest */,
				FA8948182A4CF26F00240F61 /* FeedFrameworkiOS.framework */,
				FA89481F2A4CF27100240F61 /* FeedFrameworkiOSTests.xctest */,
			);
			name = Products;
			sourceTree = "<group>";
		};
		FABF6D102A26761E009FE0E9 /* FeedFramework */ = {
			isa = PBXGroup;
			children = (
				FA3C4BBD2A536E4B0091C771 /* Feed Presentation */,
				FA1AD8092A43EE7200B8AB35 /* Feed Cache */,
				FABF6D2E2A267908009FE0E9 /* Feed Feature */,
				FABF6D322A268B6A009FE0E9 /* FeedAPI */,
			);
			path = FeedFramework;
			sourceTree = "<group>";
		};
		FABF6D1C2A26761F009FE0E9 /* FeedFrameworkTests */ = {
			isa = PBXGroup;
			children = (
				FA349C332A5360C700E1D092 /* Feed Presentation */,
				FA2235DA2A2A80BA00A5A9D8 /* Helpers */,
				FA0386AD2A43903E005F2059 /* Feed Cache */,
				FABF6D3C2A26C84D009FE0E9 /* Feed API */,
			);
			path = FeedFrameworkTests;
			sourceTree = "<group>";
		};
		FABF6D2E2A267908009FE0E9 /* Feed Feature */ = {
			isa = PBXGroup;
			children = (
				FABF6D282A26764E009FE0E9 /* FeedImage.swift */,
				FABF6D2B2A2676F2009FE0E9 /* FeedLoader.swift */,
			);
			path = "Feed Feature";
			sourceTree = "<group>";
		};
		FABF6D322A268B6A009FE0E9 /* FeedAPI */ = {
			isa = PBXGroup;
			children = (
				FABF6D332A268B79009FE0E9 /* RemoteFeedLoader.swift */,
				FABF6D392A26B04F009FE0E9 /* FeedItemsMapper.swift */,
				FA1AD8102A44D95700B8AB35 /* RemoteFeedItem.swift */,
				FABF6D362A26AFCE009FE0E9 /* HTTPClient.swift */,
				FA2235DD2A2A932E00A5A9D8 /* URLSessionHTTPClient.swift */,
			);
			path = FeedAPI;
			sourceTree = "<group>";
		};
		FABF6D3C2A26C84D009FE0E9 /* Feed API */ = {
			isa = PBXGroup;
			children = (
				FABF6D2F2A2679C0009FE0E9 /* LoadFeedFromRemoteUseCaseTests.swift */,
				FABF6D3D2A284842009FE0E9 /* URLSessionHTTPClientTests.swift */,
			);
			path = "Feed API";
			sourceTree = "<group>";
		};
/* End PBXGroup section */

/* Begin PBXHeadersBuildPhase section */
		FA8948132A4CF26F00240F61 /* Headers */ = {
			isa = PBXHeadersBuildPhase;
			buildActionMask = 2147483647;
			files = (
			);
			runOnlyForDeploymentPostprocessing = 0;
		};
		FABF6D092A26761E009FE0E9 /* Headers */ = {
			isa = PBXHeadersBuildPhase;
			buildActionMask = 2147483647;
			files = (
			);
			runOnlyForDeploymentPostprocessing = 0;
		};
/* End PBXHeadersBuildPhase section */

/* Begin PBXNativeTarget section */
		FA51C0D42A3A4885002EC274 /* FeedAPIEndToEndTests */ = {
			isa = PBXNativeTarget;
			buildConfigurationList = FA51C0DC2A3A4885002EC274 /* Build configuration list for PBXNativeTarget "FeedAPIEndToEndTests" */;
			buildPhases = (
				FA51C0D12A3A4885002EC274 /* Sources */,
				FA51C0D22A3A4885002EC274 /* Frameworks */,
				FA51C0D32A3A4885002EC274 /* Resources */,
			);
			buildRules = (
			);
			dependencies = (
				FA51C0DB2A3A4885002EC274 /* PBXTargetDependency */,
			);
			name = FeedAPIEndToEndTests;
			productName = FeedAPIEndToEndTests;
			productReference = FA51C0D52A3A4885002EC274 /* FeedAPIEndToEndTests.xctest */;
			productType = "com.apple.product-type.bundle.unit-test";
		};
		FA799A0F2A4B7818004963A6 /* FeedFrameworkCacheIntegrationTests */ = {
			isa = PBXNativeTarget;
			buildConfigurationList = FA799A172A4B7818004963A6 /* Build configuration list for PBXNativeTarget "FeedFrameworkCacheIntegrationTests" */;
			buildPhases = (
				FA799A0C2A4B7818004963A6 /* Sources */,
				FA799A0D2A4B7818004963A6 /* Frameworks */,
				FA799A0E2A4B7818004963A6 /* Resources */,
			);
			buildRules = (
			);
			dependencies = (
				FA799A162A4B7818004963A6 /* PBXTargetDependency */,
			);
			name = FeedFrameworkCacheIntegrationTests;
			productName = FeedFrameworkCacheIntegrationTests;
			productReference = FA799A102A4B7818004963A6 /* FeedFrameworkCacheIntegrationTests.xctest */;
			productType = "com.apple.product-type.bundle.unit-test";
		};
		FA8948172A4CF26F00240F61 /* FeedFrameworkiOS */ = {
			isa = PBXNativeTarget;
			buildConfigurationList = FA89482B2A4CF27200240F61 /* Build configuration list for PBXNativeTarget "FeedFrameworkiOS" */;
			buildPhases = (
				FA8948132A4CF26F00240F61 /* Headers */,
				FA8948142A4CF26F00240F61 /* Sources */,
				FA8948152A4CF26F00240F61 /* Frameworks */,
				FA8948162A4CF26F00240F61 /* Resources */,
				FA539A512A4D2367005585A7 /* Embed Frameworks */,
			);
			buildRules = (
			);
			dependencies = (
				FA539A502A4D2367005585A7 /* PBXTargetDependency */,
			);
			name = FeedFrameworkiOS;
			productName = FeedFrameworkiOS;
			productReference = FA8948182A4CF26F00240F61 /* FeedFrameworkiOS.framework */;
			productType = "com.apple.product-type.framework";
		};
		FA89481E2A4CF27100240F61 /* FeedFrameworkiOSTests */ = {
			isa = PBXNativeTarget;
			buildConfigurationList = FA89482C2A4CF27200240F61 /* Build configuration list for PBXNativeTarget "FeedFrameworkiOSTests" */;
			buildPhases = (
				FA89481B2A4CF27100240F61 /* Sources */,
				FA89481C2A4CF27100240F61 /* Frameworks */,
				FA89481D2A4CF27100240F61 /* Resources */,
			);
			buildRules = (
			);
			dependencies = (
				FA8948222A4CF27100240F61 /* PBXTargetDependency */,
			);
			name = FeedFrameworkiOSTests;
			productName = FeedFrameworkiOSTests;
			productReference = FA89481F2A4CF27100240F61 /* FeedFrameworkiOSTests.xctest */;
			productType = "com.apple.product-type.bundle.unit-test";
		};
		FABF6D0D2A26761E009FE0E9 /* FeedFramework */ = {
			isa = PBXNativeTarget;
			buildConfigurationList = FABF6D222A26761F009FE0E9 /* Build configuration list for PBXNativeTarget "FeedFramework" */;
			buildPhases = (
				FABF6D092A26761E009FE0E9 /* Headers */,
				FABF6D0A2A26761E009FE0E9 /* Sources */,
				FABF6D0B2A26761E009FE0E9 /* Frameworks */,
				FABF6D0C2A26761E009FE0E9 /* Resources */,
			);
			buildRules = (
			);
			dependencies = (
			);
			name = FeedFramework;
			productName = FeedFramework;
			productReference = FABF6D0E2A26761E009FE0E9 /* FeedFramework.framework */;
			productType = "com.apple.product-type.framework";
		};
		FABF6D172A26761F009FE0E9 /* FeedFrameworkTests */ = {
			isa = PBXNativeTarget;
			buildConfigurationList = FABF6D252A26761F009FE0E9 /* Build configuration list for PBXNativeTarget "FeedFrameworkTests" */;
			buildPhases = (
				FABF6D142A26761F009FE0E9 /* Sources */,
				FABF6D152A26761F009FE0E9 /* Frameworks */,
				FABF6D162A26761F009FE0E9 /* Resources */,
			);
			buildRules = (
			);
			dependencies = (
				FABF6D1B2A26761F009FE0E9 /* PBXTargetDependency */,
			);
			name = FeedFrameworkTests;
			productName = FeedFrameworkTests;
			productReference = FABF6D182A26761F009FE0E9 /* FeedFrameworkTests.xctest */;
			productType = "com.apple.product-type.bundle.unit-test";
		};
/* End PBXNativeTarget section */

/* Begin PBXProject section */
		FABF6D052A26761E009FE0E9 /* Project object */ = {
			isa = PBXProject;
			attributes = {
				BuildIndependentTargetsInParallel = 1;
				LastSwiftUpdateCheck = 1430;
				LastUpgradeCheck = 1430;
				TargetAttributes = {
					FA51C0D42A3A4885002EC274 = {
						CreatedOnToolsVersion = 14.3;
					};
					FA799A0F2A4B7818004963A6 = {
						CreatedOnToolsVersion = 14.3.1;
					};
					FA8948172A4CF26F00240F61 = {
						CreatedOnToolsVersion = 14.3.1;
						LastSwiftMigration = 1430;
					};
					FA89481E2A4CF27100240F61 = {
						CreatedOnToolsVersion = 14.3.1;
						LastSwiftMigration = 1430;
					};
					FABF6D0D2A26761E009FE0E9 = {
						CreatedOnToolsVersion = 14.3;
					};
					FABF6D172A26761F009FE0E9 = {
						CreatedOnToolsVersion = 14.3;
					};
				};
			};
			buildConfigurationList = FABF6D082A26761E009FE0E9 /* Build configuration list for PBXProject "FeedFramework" */;
			compatibilityVersion = "Xcode 14.0";
			developmentRegion = en;
			hasScannedForEncodings = 0;
			knownRegions = (
				en,
				Base,
				"pt-BR",
				es,
			);
			mainGroup = FABF6D042A26761E009FE0E9;
			productRefGroup = FABF6D0F2A26761E009FE0E9 /* Products */;
			projectDirPath = "";
			projectRoot = "";
			targets = (
				FABF6D0D2A26761E009FE0E9 /* FeedFramework */,
				FABF6D172A26761F009FE0E9 /* FeedFrameworkTests */,
				FA51C0D42A3A4885002EC274 /* FeedAPIEndToEndTests */,
				FA799A0F2A4B7818004963A6 /* FeedFrameworkCacheIntegrationTests */,
				FA8948172A4CF26F00240F61 /* FeedFrameworkiOS */,
				FA89481E2A4CF27100240F61 /* FeedFrameworkiOSTests */,
			);
		};
/* End PBXProject section */

/* Begin PBXResourcesBuildPhase section */
		FA51C0D32A3A4885002EC274 /* Resources */ = {
			isa = PBXResourcesBuildPhase;
			buildActionMask = 2147483647;
			files = (
			);
			runOnlyForDeploymentPostprocessing = 0;
		};
		FA799A0E2A4B7818004963A6 /* Resources */ = {
			isa = PBXResourcesBuildPhase;
			buildActionMask = 2147483647;
			files = (
			);
			runOnlyForDeploymentPostprocessing = 0;
		};
		FA8948162A4CF26F00240F61 /* Resources */ = {
			isa = PBXResourcesBuildPhase;
			buildActionMask = 2147483647;
			files = (
				FA6944D82A50F56D004E43DC /* Feed.storyboard in Resources */,
				FA6944DA2A50F60B004E43DC /* Feed.xcassets in Resources */,
			);
			runOnlyForDeploymentPostprocessing = 0;
		};
		FA89481D2A4CF27100240F61 /* Resources */ = {
			isa = PBXResourcesBuildPhase;
			buildActionMask = 2147483647;
			files = (
			);
			runOnlyForDeploymentPostprocessing = 0;
		};
		FABF6D0C2A26761E009FE0E9 /* Resources */ = {
			isa = PBXResourcesBuildPhase;
			buildActionMask = 2147483647;
			files = (
				FA3C4BC02A5370080091C771 /* Feed.strings in Resources */,
			);
			runOnlyForDeploymentPostprocessing = 0;
		};
		FABF6D162A26761F009FE0E9 /* Resources */ = {
			isa = PBXResourcesBuildPhase;
			buildActionMask = 2147483647;
			files = (
			);
			runOnlyForDeploymentPostprocessing = 0;
		};
/* End PBXResourcesBuildPhase section */

/* Begin PBXSourcesBuildPhase section */
		FA51C0D12A3A4885002EC274 /* Sources */ = {
			isa = PBXSourcesBuildPhase;
			buildActionMask = 2147483647;
			files = (
				FA51C0D82A3A4885002EC274 /* FeedAPIEndToEndTests.swift in Sources */,
				FA51C0DF2A3ABBEB002EC274 /* XCTestCase+MemoryLeakTracking.swift in Sources */,
				FA799A1F2A4B7D23004963A6 /* SharedTestHelpers.swift in Sources */,
			);
			runOnlyForDeploymentPostprocessing = 0;
		};
		FA799A0C2A4B7818004963A6 /* Sources */ = {
			isa = PBXSourcesBuildPhase;
			buildActionMask = 2147483647;
			files = (
				FA799A1E2A4B7D21004963A6 /* SharedTestHelpers.swift in Sources */,
				FA799A132A4B7818004963A6 /* FeedFrameworkCacheIntegrationTests.swift in Sources */,
				FA799A1D2A4B7D19004963A6 /* FeedCacheTestHelpers.swift in Sources */,
				FA799A1B2A4B7BE0004963A6 /* XCTestCase+MemoryLeakTracking.swift in Sources */,
			);
			runOnlyForDeploymentPostprocessing = 0;
		};
		FA8948142A4CF26F00240F61 /* Sources */ = {
			isa = PBXSourcesBuildPhase;
			buildActionMask = 2147483647;
			files = (
				FA6C553F2A53490600788C63 /* ErrorView.swift in Sources */,
				FA349C322A5350C300E1D092 /* UIRefreshControl+Helpers.swift in Sources */,
				FA2D2CE92A4F3E9B00FA4E38 /* FeedImageDataLoader.swift in Sources */,
				FA0D1D022A4E0C3500BA78BD /* UIView+Shimmering.swift in Sources */,
				FA6944DC2A510CCF004E43DC /* UITableView+Dequeuing.swift in Sources */,
				FA6C553B2A53411D00788C63 /* FeedLoaderPresentationAdapter.swift in Sources */,
				FA0D1CFE2A4D33D900BA78BD /* FeedViewController.swift in Sources */,
				FA6C55372A53404500788C63 /* WeakRefVirtualProxy.swift in Sources */,
				FA6944DE2A510E10004E43DC /* UIImageView+Animations.swift in Sources */,
				FA6C55352A533FB100788C63 /* MainQueueDispatchDecorator.swift in Sources */,
				FA0D1D002A4DE49C00BA78BD /* FeedImageCell.swift in Sources */,
				FA6C55392A5340BE00788C63 /* FeedImageDataLoaderPresentationAdapter.swift in Sources */,
				FA2D2CED2A4F52D300FA4E38 /* FeedImageCellController.swift in Sources */,
				FA6C553D2A53417E00788C63 /* FeedViewAdapter.swift in Sources */,
				FA2D2CF02A4F57D100FA4E38 /* FeedUIComposer.swift in Sources */,
			);
			runOnlyForDeploymentPostprocessing = 0;
		};
		FA89481B2A4CF27100240F61 /* Sources */ = {
			isa = PBXSourcesBuildPhase;
			buildActionMask = 2147483647;
			files = (
				FAEA9EE72A4D1A3C00CE4788 /* FeedUIIntegrationTests.swift in Sources */,
				FA2D2D062A4F788E00FA4E38 /* FeedViewControllerTests+Assertions.swift in Sources */,
				FA2D2CFC2A4F762E00FA4E38 /* UIButton+TestHelpers.swift in Sources */,
				FA2D2CFA2A4F75E900FA4E38 /* UIRefreshControl+TestHelpers.swift in Sources */,
				FA2D2CFE2A4F766100FA4E38 /* UIControl+TestHelpers.swift in Sources */,
				FA2D2D042A4F780F00FA4E38 /* FeedViewControllerTests+LoaderSpy.swift in Sources */,
				FA2D2D002A4F773600FA4E38 /* FeedViewController+TestHelpers.swift in Sources */,
				FA539A522A4D244E005585A7 /* XCTestCase+MemoryLeakTracking.swift in Sources */,
				FA2D2CF82A4F75A900FA4E38 /* UIImage+TestHelpers.swift in Sources */,
				FA2D2D022A4F77A500FA4E38 /* FeedImageCell+TestHelpers.swift in Sources */,
				FA6944E22A532F0E004E43DC /* FeedViewControllerTests+Localization.swift in Sources */,
			);
			runOnlyForDeploymentPostprocessing = 0;
		};
		FABF6D0A2A26761E009FE0E9 /* Sources */ = {
			isa = PBXSourcesBuildPhase;
			buildActionMask = 2147483647;
			files = (
				FA7999E82A4A952D004963A6 /* ManagedFeedImage.swift in Sources */,
				FA1AD8142A44D9B000B8AB35 /* LocalFeedImage.swift in Sources */,
				FA1AD80E2A43EF1D00B8AB35 /* FeedStore.swift in Sources */,
				FA3C4BC62A5370870091C771 /* FeedErrorViewModel.swift in Sources */,
				FA2235DE2A2A932E00A5A9D8 /* URLSessionHTTPClient.swift in Sources */,
				FABF6D342A268B79009FE0E9 /* RemoteFeedLoader.swift in Sources */,
				FAB1BEAC2A53831600A808D1 /* FeedImagePresenter.swift in Sources */,
				FA7999E62A4A952D004963A6 /* CoreDataHelpers.swift in Sources */,
				FA7999EE2A4A952D004963A6 /* CoreDataFeedStore.swift in Sources */,
				FA3C4BC42A5370670091C771 /* FeedLoadingViewModel.swift in Sources */,
				FABF6D372A26AFCF009FE0E9 /* HTTPClient.swift in Sources */,
				FABF6D2C2A2676F2009FE0E9 /* FeedLoader.swift in Sources */,
				FABF6D3A2A26B04F009FE0E9 /* FeedItemsMapper.swift in Sources */,
				FA3C4BC22A5370520091C771 /* FeedViewModel.swift in Sources */,
				FAB1BEAE2A53836000A808D1 /* FeedImageViewModel.swift in Sources */,
				FA7999EC2A4A952D004963A6 /* ManagedCache.swift in Sources */,
				FA1AD8112A44D95700B8AB35 /* RemoteFeedItem.swift in Sources */,
				FAA6B14C2A4A4B46002CB607 /* CodableFeedStore.swift in Sources */,
				FA7999F42A4A9712004963A6 /* FeedStore.xcdatamodeld in Sources */,
				FA3C4BBF2A536E5B0091C771 /* FeedPresenter.swift in Sources */,
				FA009E8B2A47747B00779067 /* FeedCachePolicy.swift in Sources */,
				FABF6D292A26764F009FE0E9 /* FeedImage.swift in Sources */,
				FA1AD80B2A43EE8F00B8AB35 /* LocalFeedLoader.swift in Sources */,
				FABF6D132A26761E009FE0E9 /* FeedFramework.docc in Sources */,
			);
			runOnlyForDeploymentPostprocessing = 0;
		};
		FABF6D142A26761F009FE0E9 /* Sources */ = {
			isa = PBXSourcesBuildPhase;
			buildActionMask = 2147483647;
			files = (
				FA009E8E2A47880700779067 /* CodableFeedStoreTests.swift in Sources */,
				FA799A042A4B73D4004963A6 /* XCTestCase+FailableDeleteFeedStoreSpecs.swift in Sources */,
				FA3C4BC72A53726B0091C771 /* FeedLocalizationTests.swift in Sources */,
				FA3C4BC92A53763B0091C771 /* FeedImagePresenterTests.swift in Sources */,
				FABF6D312A2679C0009FE0E9 /* LoadFeedFromRemoteUseCaseTests.swift in Sources */,
				FA767B012A4A883D00C1A77A /* XCTestCase+FeedStoreSpecs.swift in Sources */,
				FA2235DC2A2A80E900A5A9D8 /* XCTestCase+MemoryLeakTracking.swift in Sources */,
				FA425FE22A450463004E293A /* LoadFeedFromCacheUseCaseTests.swift in Sources */,
				FA349C352A5360F300E1D092 /* FeedPresenterTests.swift in Sources */,
				FA009E862A4671C100779067 /* FeedCacheTestHelpers.swift in Sources */,
				FA0386AF2A439062005F2059 /* CacheFeedUseCaseTests.swift in Sources */,
				FA425FE52A450667004E293A /* FeedStoreSpy.swift in Sources */,
				FA1BA3962A466D630017CB0D /* ValidateFeedCacheUseCaseTests.swift in Sources */,
				FA009E882A4672B800779067 /* SharedTestHelpers.swift in Sources */,
				FABF6D3E2A284842009FE0E9 /* URLSessionHTTPClientTests.swift in Sources */,
				FA799A082A4B749A004963A6 /* XCTestCase+FailableRetrieveFeedStoreSpecs.swift in Sources */,
				FA7999F12A4A9579004963A6 /* CoreDataFeedStoreTests.swift in Sources */,
				FA767AFF2A4A87A100C1A77A /* FeedStoreSpecs.swift in Sources */,
				FA799A062A4B747E004963A6 /* XCTestCase+FailableInsertFeedStoreSpecs.swift in Sources */,
			);
			runOnlyForDeploymentPostprocessing = 0;
		};
/* End PBXSourcesBuildPhase section */

/* Begin PBXTargetDependency section */
		FA51C0DB2A3A4885002EC274 /* PBXTargetDependency */ = {
			isa = PBXTargetDependency;
			target = FABF6D0D2A26761E009FE0E9 /* FeedFramework */;
			targetProxy = FA51C0DA2A3A4885002EC274 /* PBXContainerItemProxy */;
		};
		FA539A502A4D2367005585A7 /* PBXTargetDependency */ = {
			isa = PBXTargetDependency;
			target = FABF6D0D2A26761E009FE0E9 /* FeedFramework */;
			targetProxy = FA539A4F2A4D2367005585A7 /* PBXContainerItemProxy */;
		};
		FA799A162A4B7818004963A6 /* PBXTargetDependency */ = {
			isa = PBXTargetDependency;
			target = FABF6D0D2A26761E009FE0E9 /* FeedFramework */;
			targetProxy = FA799A152A4B7818004963A6 /* PBXContainerItemProxy */;
		};
		FA8948222A4CF27100240F61 /* PBXTargetDependency */ = {
			isa = PBXTargetDependency;
			target = FA8948172A4CF26F00240F61 /* FeedFrameworkiOS */;
			targetProxy = FA8948212A4CF27100240F61 /* PBXContainerItemProxy */;
		};
		FABF6D1B2A26761F009FE0E9 /* PBXTargetDependency */ = {
			isa = PBXTargetDependency;
			target = FABF6D0D2A26761E009FE0E9 /* FeedFramework */;
			targetProxy = FABF6D1A2A26761F009FE0E9 /* PBXContainerItemProxy */;
		};
/* End PBXTargetDependency section */

/* Begin PBXVariantGroup section */
		FA3C4BBA2A536D4E0091C771 /* Feed.strings */ = {
			isa = PBXVariantGroup;
			children = (
				FA3C4BB92A536D4E0091C771 /* en */,
				FA3C4BBB2A536D540091C771 /* pt-BR */,
				FA3C4BBC2A536D540091C771 /* es */,
			);
			name = Feed.strings;
			sourceTree = "<group>";
		};
/* End PBXVariantGroup section */

/* Begin XCBuildConfiguration section */
		FA51C0DD2A3A4885002EC274 /* Debug */ = {
			isa = XCBuildConfiguration;
			buildSettings = {
				CODE_SIGN_STYLE = Automatic;
				CURRENT_PROJECT_VERSION = 1;
				DEVELOPMENT_TEAM = YBSZVA7CYQ;
				GENERATE_INFOPLIST_FILE = YES;
				MARKETING_VERSION = 1.0;
				PRODUCT_BUNDLE_IDENTIFIER = com.jmt.wheel.FeedAPIEndToEndTests;
				PRODUCT_NAME = "$(TARGET_NAME)";
				SWIFT_EMIT_LOC_STRINGS = NO;
				SWIFT_VERSION = 5.0;
			};
			name = Debug;
		};
		FA51C0DE2A3A4885002EC274 /* Release */ = {
			isa = XCBuildConfiguration;
			buildSettings = {
				CODE_SIGN_STYLE = Automatic;
				CURRENT_PROJECT_VERSION = 1;
				DEVELOPMENT_TEAM = YBSZVA7CYQ;
				GENERATE_INFOPLIST_FILE = YES;
				MARKETING_VERSION = 1.0;
				PRODUCT_BUNDLE_IDENTIFIER = com.jmt.wheel.FeedAPIEndToEndTests;
				PRODUCT_NAME = "$(TARGET_NAME)";
				SWIFT_EMIT_LOC_STRINGS = NO;
				SWIFT_VERSION = 5.0;
			};
			name = Release;
		};
		FA799A182A4B7818004963A6 /* Debug */ = {
			isa = XCBuildConfiguration;
			buildSettings = {
				ALLOW_TARGET_PLATFORM_SPECIALIZATION = YES;
				CODE_SIGN_STYLE = Automatic;
				CURRENT_PROJECT_VERSION = 1;
				DEVELOPMENT_TEAM = YBSZVA7CYQ;
				GENERATE_INFOPLIST_FILE = YES;
				MARKETING_VERSION = 1.0;
				PRODUCT_BUNDLE_IDENTIFIER = com.jmt.wot.FeedFrameworkCacheIntegrationTests;
				PRODUCT_NAME = "$(TARGET_NAME)";
				SUPPORTED_PLATFORMS = "macosx iphonesimulator iphoneos";
				SUPPORTS_MACCATALYST = YES;
				SWIFT_EMIT_LOC_STRINGS = NO;
				SWIFT_VERSION = 5.0;
			};
			name = Debug;
		};
		FA799A192A4B7818004963A6 /* Release */ = {
			isa = XCBuildConfiguration;
			buildSettings = {
				ALLOW_TARGET_PLATFORM_SPECIALIZATION = YES;
				CODE_SIGN_STYLE = Automatic;
				CURRENT_PROJECT_VERSION = 1;
				DEVELOPMENT_TEAM = YBSZVA7CYQ;
				GENERATE_INFOPLIST_FILE = YES;
				MARKETING_VERSION = 1.0;
				PRODUCT_BUNDLE_IDENTIFIER = com.jmt.wot.FeedFrameworkCacheIntegrationTests;
				PRODUCT_NAME = "$(TARGET_NAME)";
				SUPPORTED_PLATFORMS = "macosx iphonesimulator iphoneos";
				SUPPORTS_MACCATALYST = YES;
				SWIFT_EMIT_LOC_STRINGS = NO;
				SWIFT_VERSION = 5.0;
			};
			name = Release;
		};
		FA8948272A4CF27200240F61 /* Debug */ = {
			isa = XCBuildConfiguration;
			buildSettings = {
				CLANG_ENABLE_MODULES = YES;
				CODE_SIGN_STYLE = Automatic;
				CURRENT_PROJECT_VERSION = 1;
				DEFINES_MODULE = YES;
				DEVELOPMENT_TEAM = YBSZVA7CYQ;
				DYLIB_COMPATIBILITY_VERSION = 1;
				DYLIB_CURRENT_VERSION = 1;
				DYLIB_INSTALL_NAME_BASE = "@rpath";
				ENABLE_MODULE_VERIFIER = YES;
				GENERATE_INFOPLIST_FILE = YES;
				INFOPLIST_KEY_NSHumanReadableCopyright = "";
				INSTALL_PATH = "$(LOCAL_LIBRARY_DIR)/Frameworks";
				IPHONEOS_DEPLOYMENT_TARGET = 16.4;
				LD_RUNPATH_SEARCH_PATHS = (
					"$(inherited)",
					"@executable_path/Frameworks",
					"@loader_path/Frameworks",
				);
				MARKETING_VERSION = 1.0;
				MODULE_VERIFIER_SUPPORTED_LANGUAGES = "objective-c objective-c++";
				MODULE_VERIFIER_SUPPORTED_LANGUAGE_STANDARDS = "gnu11 gnu++20";
				PRODUCT_BUNDLE_IDENTIFIER = com.jmt.wot.FeedFrameworkiOS;
				PRODUCT_NAME = "$(TARGET_NAME:c99extidentifier)";
				SDKROOT = iphoneos;
				SKIP_INSTALL = YES;
				SUPPORTED_PLATFORMS = "iphonesimulator iphoneos";
				SWIFT_EMIT_LOC_STRINGS = YES;
				SWIFT_OPTIMIZATION_LEVEL = "-Onone";
				SWIFT_VERSION = 5.0;
				TARGETED_DEVICE_FAMILY = "1,2";
			};
			name = Debug;
		};
		FA8948282A4CF27200240F61 /* Release */ = {
			isa = XCBuildConfiguration;
			buildSettings = {
				CLANG_ENABLE_MODULES = YES;
				CODE_SIGN_STYLE = Automatic;
				CURRENT_PROJECT_VERSION = 1;
				DEFINES_MODULE = YES;
				DEVELOPMENT_TEAM = YBSZVA7CYQ;
				DYLIB_COMPATIBILITY_VERSION = 1;
				DYLIB_CURRENT_VERSION = 1;
				DYLIB_INSTALL_NAME_BASE = "@rpath";
				ENABLE_MODULE_VERIFIER = YES;
				GENERATE_INFOPLIST_FILE = YES;
				INFOPLIST_KEY_NSHumanReadableCopyright = "";
				INSTALL_PATH = "$(LOCAL_LIBRARY_DIR)/Frameworks";
				IPHONEOS_DEPLOYMENT_TARGET = 16.4;
				LD_RUNPATH_SEARCH_PATHS = (
					"$(inherited)",
					"@executable_path/Frameworks",
					"@loader_path/Frameworks",
				);
				MARKETING_VERSION = 1.0;
				MODULE_VERIFIER_SUPPORTED_LANGUAGES = "objective-c objective-c++";
				MODULE_VERIFIER_SUPPORTED_LANGUAGE_STANDARDS = "gnu11 gnu++20";
				PRODUCT_BUNDLE_IDENTIFIER = com.jmt.wot.FeedFrameworkiOS;
				PRODUCT_NAME = "$(TARGET_NAME:c99extidentifier)";
				SDKROOT = iphoneos;
				SKIP_INSTALL = YES;
				SUPPORTED_PLATFORMS = "iphonesimulator iphoneos";
				SWIFT_EMIT_LOC_STRINGS = YES;
				SWIFT_VERSION = 5.0;
				TARGETED_DEVICE_FAMILY = "1,2";
				VALIDATE_PRODUCT = YES;
			};
			name = Release;
		};
		FA8948292A4CF27200240F61 /* Debug */ = {
			isa = XCBuildConfiguration;
			buildSettings = {
				ALWAYS_EMBED_SWIFT_STANDARD_LIBRARIES = YES;
				CLANG_ENABLE_MODULES = YES;
				CODE_SIGN_STYLE = Automatic;
				CURRENT_PROJECT_VERSION = 1;
				DEVELOPMENT_TEAM = YBSZVA7CYQ;
				GENERATE_INFOPLIST_FILE = YES;
				IPHONEOS_DEPLOYMENT_TARGET = 16.4;
				MARKETING_VERSION = 1.0;
				PRODUCT_BUNDLE_IDENTIFIER = com.jmt.wot.FeedFrameworkiOSTests;
				PRODUCT_NAME = "$(TARGET_NAME)";
				SDKROOT = iphoneos;
				SUPPORTED_PLATFORMS = "iphonesimulator iphoneos";
				SWIFT_EMIT_LOC_STRINGS = NO;
				SWIFT_OBJC_BRIDGING_HEADER = "FeedFrameworkiOSTests/FeedFrameworkiOSTests-Bridging-Header.h";
				SWIFT_OPTIMIZATION_LEVEL = "-Onone";
				SWIFT_VERSION = 5.0;
				TARGETED_DEVICE_FAMILY = "1,2";
			};
			name = Debug;
		};
		FA89482A2A4CF27200240F61 /* Release */ = {
			isa = XCBuildConfiguration;
			buildSettings = {
				ALWAYS_EMBED_SWIFT_STANDARD_LIBRARIES = YES;
				CLANG_ENABLE_MODULES = YES;
				CODE_SIGN_STYLE = Automatic;
				CURRENT_PROJECT_VERSION = 1;
				DEVELOPMENT_TEAM = YBSZVA7CYQ;
				GENERATE_INFOPLIST_FILE = YES;
				IPHONEOS_DEPLOYMENT_TARGET = 16.4;
				MARKETING_VERSION = 1.0;
				PRODUCT_BUNDLE_IDENTIFIER = com.jmt.wot.FeedFrameworkiOSTests;
				PRODUCT_NAME = "$(TARGET_NAME)";
				SDKROOT = iphoneos;
				SUPPORTED_PLATFORMS = "iphonesimulator iphoneos";
				SWIFT_EMIT_LOC_STRINGS = NO;
				SWIFT_OBJC_BRIDGING_HEADER = "FeedFrameworkiOSTests/FeedFrameworkiOSTests-Bridging-Header.h";
				SWIFT_VERSION = 5.0;
				TARGETED_DEVICE_FAMILY = "1,2";
				VALIDATE_PRODUCT = YES;
			};
			name = Release;
		};
		FABF6D202A26761F009FE0E9 /* Debug */ = {
			isa = XCBuildConfiguration;
			buildSettings = {
				ALLOW_TARGET_PLATFORM_SPECIALIZATION = YES;
				ALWAYS_SEARCH_USER_PATHS = NO;
				CLANG_ANALYZER_LOCALIZABILITY_NONLOCALIZED = YES;
				CLANG_ANALYZER_NONNULL = YES;
				CLANG_ANALYZER_NUMBER_OBJECT_CONVERSION = YES_AGGRESSIVE;
				CLANG_CXX_LANGUAGE_STANDARD = "gnu++20";
				CLANG_ENABLE_MODULES = YES;
				CLANG_ENABLE_OBJC_ARC = YES;
				CLANG_ENABLE_OBJC_WEAK = YES;
				CLANG_WARN_BLOCK_CAPTURE_AUTORELEASING = YES;
				CLANG_WARN_BOOL_CONVERSION = YES;
				CLANG_WARN_COMMA = YES;
				CLANG_WARN_CONSTANT_CONVERSION = YES;
				CLANG_WARN_DEPRECATED_OBJC_IMPLEMENTATIONS = YES;
				CLANG_WARN_DIRECT_OBJC_ISA_USAGE = YES_ERROR;
				CLANG_WARN_DOCUMENTATION_COMMENTS = YES;
				CLANG_WARN_EMPTY_BODY = YES;
				CLANG_WARN_ENUM_CONVERSION = YES;
				CLANG_WARN_INFINITE_RECURSION = YES;
				CLANG_WARN_INT_CONVERSION = YES;
				CLANG_WARN_NON_LITERAL_NULL_CONVERSION = YES;
				CLANG_WARN_OBJC_IMPLICIT_RETAIN_SELF = YES;
				CLANG_WARN_OBJC_LITERAL_CONVERSION = YES;
				CLANG_WARN_OBJC_ROOT_CLASS = YES_ERROR;
				CLANG_WARN_QUOTED_INCLUDE_IN_FRAMEWORK_HEADER = YES;
				CLANG_WARN_RANGE_LOOP_ANALYSIS = YES;
				CLANG_WARN_STRICT_PROTOTYPES = YES;
				CLANG_WARN_SUSPICIOUS_MOVE = YES;
				CLANG_WARN_UNGUARDED_AVAILABILITY = YES_AGGRESSIVE;
				CLANG_WARN_UNREACHABLE_CODE = YES;
				CLANG_WARN__DUPLICATE_METHOD_MATCH = YES;
				COPY_PHASE_STRIP = NO;
				CURRENT_PROJECT_VERSION = 1;
				DEBUG_INFORMATION_FORMAT = dwarf;
				ENABLE_STRICT_OBJC_MSGSEND = YES;
				ENABLE_TESTABILITY = YES;
				GCC_C_LANGUAGE_STANDARD = gnu11;
				GCC_DYNAMIC_NO_PIC = NO;
				GCC_NO_COMMON_BLOCKS = YES;
				GCC_OPTIMIZATION_LEVEL = 0;
				GCC_PREPROCESSOR_DEFINITIONS = (
					"DEBUG=1",
					"$(inherited)",
				);
				GCC_WARN_64_TO_32_BIT_CONVERSION = YES;
				GCC_WARN_ABOUT_RETURN_TYPE = YES_ERROR;
				GCC_WARN_UNDECLARED_SELECTOR = YES;
				GCC_WARN_UNINITIALIZED_AUTOS = YES_AGGRESSIVE;
				GCC_WARN_UNUSED_FUNCTION = YES;
				GCC_WARN_UNUSED_VARIABLE = YES;
				IPHONEOS_DEPLOYMENT_TARGET = 16.0;
				MACOSX_DEPLOYMENT_TARGET = 13.3;
				MTL_ENABLE_DEBUG_INFO = INCLUDE_SOURCE;
				MTL_FAST_MATH = YES;
				ONLY_ACTIVE_ARCH = YES;
				SDKROOT = macosx;
				SUPPORTED_PLATFORMS = "macosx iphonesimulator iphoneos";
				SUPPORTS_MACCATALYST = YES;
				SWIFT_ACTIVE_COMPILATION_CONDITIONS = DEBUG;
				SWIFT_OPTIMIZATION_LEVEL = "-Onone";
				SWIFT_VERSION = 5.0;
				VERSIONING_SYSTEM = "apple-generic";
				VERSION_INFO_PREFIX = "";
			};
			name = Debug;
		};
		FABF6D212A26761F009FE0E9 /* Release */ = {
			isa = XCBuildConfiguration;
			buildSettings = {
				ALLOW_TARGET_PLATFORM_SPECIALIZATION = YES;
				ALWAYS_SEARCH_USER_PATHS = NO;
				CLANG_ANALYZER_LOCALIZABILITY_NONLOCALIZED = YES;
				CLANG_ANALYZER_NONNULL = YES;
				CLANG_ANALYZER_NUMBER_OBJECT_CONVERSION = YES_AGGRESSIVE;
				CLANG_CXX_LANGUAGE_STANDARD = "gnu++20";
				CLANG_ENABLE_MODULES = YES;
				CLANG_ENABLE_OBJC_ARC = YES;
				CLANG_ENABLE_OBJC_WEAK = YES;
				CLANG_WARN_BLOCK_CAPTURE_AUTORELEASING = YES;
				CLANG_WARN_BOOL_CONVERSION = YES;
				CLANG_WARN_COMMA = YES;
				CLANG_WARN_CONSTANT_CONVERSION = YES;
				CLANG_WARN_DEPRECATED_OBJC_IMPLEMENTATIONS = YES;
				CLANG_WARN_DIRECT_OBJC_ISA_USAGE = YES_ERROR;
				CLANG_WARN_DOCUMENTATION_COMMENTS = YES;
				CLANG_WARN_EMPTY_BODY = YES;
				CLANG_WARN_ENUM_CONVERSION = YES;
				CLANG_WARN_INFINITE_RECURSION = YES;
				CLANG_WARN_INT_CONVERSION = YES;
				CLANG_WARN_NON_LITERAL_NULL_CONVERSION = YES;
				CLANG_WARN_OBJC_IMPLICIT_RETAIN_SELF = YES;
				CLANG_WARN_OBJC_LITERAL_CONVERSION = YES;
				CLANG_WARN_OBJC_ROOT_CLASS = YES_ERROR;
				CLANG_WARN_QUOTED_INCLUDE_IN_FRAMEWORK_HEADER = YES;
				CLANG_WARN_RANGE_LOOP_ANALYSIS = YES;
				CLANG_WARN_STRICT_PROTOTYPES = YES;
				CLANG_WARN_SUSPICIOUS_MOVE = YES;
				CLANG_WARN_UNGUARDED_AVAILABILITY = YES_AGGRESSIVE;
				CLANG_WARN_UNREACHABLE_CODE = YES;
				CLANG_WARN__DUPLICATE_METHOD_MATCH = YES;
				COPY_PHASE_STRIP = NO;
				CURRENT_PROJECT_VERSION = 1;
				DEBUG_INFORMATION_FORMAT = "dwarf-with-dsym";
				ENABLE_NS_ASSERTIONS = NO;
				ENABLE_STRICT_OBJC_MSGSEND = YES;
				GCC_C_LANGUAGE_STANDARD = gnu11;
				GCC_NO_COMMON_BLOCKS = YES;
				GCC_WARN_64_TO_32_BIT_CONVERSION = YES;
				GCC_WARN_ABOUT_RETURN_TYPE = YES_ERROR;
				GCC_WARN_UNDECLARED_SELECTOR = YES;
				GCC_WARN_UNINITIALIZED_AUTOS = YES_AGGRESSIVE;
				GCC_WARN_UNUSED_FUNCTION = YES;
				GCC_WARN_UNUSED_VARIABLE = YES;
				IPHONEOS_DEPLOYMENT_TARGET = 16.0;
				MACOSX_DEPLOYMENT_TARGET = 13.3;
				MTL_ENABLE_DEBUG_INFO = NO;
				MTL_FAST_MATH = YES;
				ONLY_ACTIVE_ARCH = YES;
				SDKROOT = macosx;
				SUPPORTED_PLATFORMS = "macosx iphonesimulator iphoneos";
				SUPPORTS_MACCATALYST = YES;
				SWIFT_COMPILATION_MODE = wholemodule;
				SWIFT_OPTIMIZATION_LEVEL = "-O";
				SWIFT_VERSION = 5.0;
				VERSIONING_SYSTEM = "apple-generic";
				VERSION_INFO_PREFIX = "";
			};
			name = Release;
		};
		FABF6D232A26761F009FE0E9 /* Debug */ = {
			isa = XCBuildConfiguration;
			buildSettings = {
				CODE_SIGN_STYLE = Automatic;
				COMBINE_HIDPI_IMAGES = YES;
				CURRENT_PROJECT_VERSION = 1;
				DEFINES_MODULE = YES;
				DEVELOPMENT_TEAM = YBSZVA7CYQ;
				DYLIB_COMPATIBILITY_VERSION = 1;
				DYLIB_CURRENT_VERSION = 1;
				DYLIB_INSTALL_NAME_BASE = "@rpath";
				ENABLE_MODULE_VERIFIER = YES;
				GENERATE_INFOPLIST_FILE = YES;
				INFOPLIST_KEY_NSHumanReadableCopyright = "";
				INSTALL_PATH = "$(LOCAL_LIBRARY_DIR)/Frameworks";
				LD_RUNPATH_SEARCH_PATHS = (
					"$(inherited)",
					"@executable_path/../Frameworks",
					"@loader_path/Frameworks",
				);
				MARKETING_VERSION = 1.0;
				MODULE_VERIFIER_SUPPORTED_LANGUAGES = "objective-c objective-c++";
				MODULE_VERIFIER_SUPPORTED_LANGUAGE_STANDARDS = "gnu11 gnu++20";
				PRODUCT_BUNDLE_IDENTIFIER = com.jmdb.wot.FeedFramework;
				PRODUCT_NAME = "$(TARGET_NAME:c99extidentifier)";
				SKIP_INSTALL = YES;
				SWIFT_EMIT_LOC_STRINGS = YES;
				SWIFT_VERSION = 5.0;
			};
			name = Debug;
		};
		FABF6D242A26761F009FE0E9 /* Release */ = {
			isa = XCBuildConfiguration;
			buildSettings = {
				CODE_SIGN_STYLE = Automatic;
				COMBINE_HIDPI_IMAGES = YES;
				CURRENT_PROJECT_VERSION = 1;
				DEFINES_MODULE = YES;
				DEVELOPMENT_TEAM = YBSZVA7CYQ;
				DYLIB_COMPATIBILITY_VERSION = 1;
				DYLIB_CURRENT_VERSION = 1;
				DYLIB_INSTALL_NAME_BASE = "@rpath";
				ENABLE_MODULE_VERIFIER = YES;
				GENERATE_INFOPLIST_FILE = YES;
				INFOPLIST_KEY_NSHumanReadableCopyright = "";
				INSTALL_PATH = "$(LOCAL_LIBRARY_DIR)/Frameworks";
				LD_RUNPATH_SEARCH_PATHS = (
					"$(inherited)",
					"@executable_path/../Frameworks",
					"@loader_path/Frameworks",
				);
				MARKETING_VERSION = 1.0;
				MODULE_VERIFIER_SUPPORTED_LANGUAGES = "objective-c objective-c++";
				MODULE_VERIFIER_SUPPORTED_LANGUAGE_STANDARDS = "gnu11 gnu++20";
				PRODUCT_BUNDLE_IDENTIFIER = com.jmdb.wot.FeedFramework;
				PRODUCT_NAME = "$(TARGET_NAME:c99extidentifier)";
				SKIP_INSTALL = YES;
				SWIFT_EMIT_LOC_STRINGS = YES;
				SWIFT_VERSION = 5.0;
			};
			name = Release;
		};
		FABF6D262A26761F009FE0E9 /* Debug */ = {
			isa = XCBuildConfiguration;
			buildSettings = {
				ALWAYS_EMBED_SWIFT_STANDARD_LIBRARIES = YES;
				CODE_SIGN_STYLE = Automatic;
				CURRENT_PROJECT_VERSION = 1;
				DEVELOPMENT_TEAM = YBSZVA7CYQ;
				GENERATE_INFOPLIST_FILE = YES;
				MARKETING_VERSION = 1.0;
				PRODUCT_BUNDLE_IDENTIFIER = com.jmdb.wot.FeedFrameworkTests;
				PRODUCT_NAME = "$(TARGET_NAME)";
				SWIFT_EMIT_LOC_STRINGS = NO;
				SWIFT_VERSION = 5.0;
			};
			name = Debug;
		};
		FABF6D272A26761F009FE0E9 /* Release */ = {
			isa = XCBuildConfiguration;
			buildSettings = {
				ALWAYS_EMBED_SWIFT_STANDARD_LIBRARIES = YES;
				CODE_SIGN_STYLE = Automatic;
				CURRENT_PROJECT_VERSION = 1;
				DEVELOPMENT_TEAM = YBSZVA7CYQ;
				GENERATE_INFOPLIST_FILE = YES;
				MARKETING_VERSION = 1.0;
				PRODUCT_BUNDLE_IDENTIFIER = com.jmdb.wot.FeedFrameworkTests;
				PRODUCT_NAME = "$(TARGET_NAME)";
				SWIFT_EMIT_LOC_STRINGS = NO;
				SWIFT_VERSION = 5.0;
			};
			name = Release;
		};
/* End XCBuildConfiguration section */

/* Begin XCConfigurationList section */
		FA51C0DC2A3A4885002EC274 /* Build configuration list for PBXNativeTarget "FeedAPIEndToEndTests" */ = {
			isa = XCConfigurationList;
			buildConfigurations = (
				FA51C0DD2A3A4885002EC274 /* Debug */,
				FA51C0DE2A3A4885002EC274 /* Release */,
			);
			defaultConfigurationIsVisible = 0;
			defaultConfigurationName = Release;
		};
		FA799A172A4B7818004963A6 /* Build configuration list for PBXNativeTarget "FeedFrameworkCacheIntegrationTests" */ = {
			isa = XCConfigurationList;
			buildConfigurations = (
				FA799A182A4B7818004963A6 /* Debug */,
				FA799A192A4B7818004963A6 /* Release */,
			);
			defaultConfigurationIsVisible = 0;
			defaultConfigurationName = Release;
		};
		FA89482B2A4CF27200240F61 /* Build configuration list for PBXNativeTarget "FeedFrameworkiOS" */ = {
			isa = XCConfigurationList;
			buildConfigurations = (
				FA8948272A4CF27200240F61 /* Debug */,
				FA8948282A4CF27200240F61 /* Release */,
			);
			defaultConfigurationIsVisible = 0;
			defaultConfigurationName = Release;
		};
		FA89482C2A4CF27200240F61 /* Build configuration list for PBXNativeTarget "FeedFrameworkiOSTests" */ = {
			isa = XCConfigurationList;
			buildConfigurations = (
				FA8948292A4CF27200240F61 /* Debug */,
				FA89482A2A4CF27200240F61 /* Release */,
			);
			defaultConfigurationIsVisible = 0;
			defaultConfigurationName = Release;
		};
		FABF6D082A26761E009FE0E9 /* Build configuration list for PBXProject "FeedFramework" */ = {
			isa = XCConfigurationList;
			buildConfigurations = (
				FABF6D202A26761F009FE0E9 /* Debug */,
				FABF6D212A26761F009FE0E9 /* Release */,
			);
			defaultConfigurationIsVisible = 0;
			defaultConfigurationName = Release;
		};
		FABF6D222A26761F009FE0E9 /* Build configuration list for PBXNativeTarget "FeedFramework" */ = {
			isa = XCConfigurationList;
			buildConfigurations = (
				FABF6D232A26761F009FE0E9 /* Debug */,
				FABF6D242A26761F009FE0E9 /* Release */,
			);
			defaultConfigurationIsVisible = 0;
			defaultConfigurationName = Release;
		};
		FABF6D252A26761F009FE0E9 /* Build configuration list for PBXNativeTarget "FeedFrameworkTests" */ = {
			isa = XCConfigurationList;
			buildConfigurations = (
				FABF6D262A26761F009FE0E9 /* Debug */,
				FABF6D272A26761F009FE0E9 /* Release */,
			);
			defaultConfigurationIsVisible = 0;
			defaultConfigurationName = Release;
		};
/* End XCConfigurationList section */

/* Begin XCVersionGroup section */
		FA7999F22A4A9712004963A6 /* FeedStore.xcdatamodeld */ = {
			isa = XCVersionGroup;
			children = (
				FA7999F32A4A9712004963A6 /* FeedStore.xcdatamodel */,
			);
			currentVersion = FA7999F32A4A9712004963A6 /* FeedStore.xcdatamodel */;
			name = FeedStore.xcdatamodeld;
			path = ../../../../FeedStore.xcdatamodeld;
			sourceTree = "<group>";
			versionGroupType = wrapper.xcdatamodel;
		};
/* End XCVersionGroup section */
	};
	rootObject = FABF6D052A26761E009FE0E9 /* Project object */;
}
